// !$*UTF8*$!
{
	archiveVersion = 1;
	classes = {
	};
	objectVersion = 77;
	objects = {

/* Begin PBXBuildFile section */
		A1532353302C2FF100C8D534 /* Documentation.docc in Sources */ = {isa = PBXBuildFile; fileRef = A1532352302C2FF100C8D534 /* Documentation.docc */; };
		A1532354302C2FF100C8D534 /* Documentation.docc in Sources */ = {isa = PBXBuildFile; fileRef = A1532352302C2FF100C8D534 /* Documentation.docc */; };
		A1532355302C2FF100C8D534 /* Documentation.docc in Sources */ = {isa = PBXBuildFile; fileRef = A1532352302C2FF100C8D534 /* Documentation.docc */; };
		A1C4E901302B100000E2C0DB /* KitchenMemoryDomain in Frameworks */ = {isa = PBXBuildFile; productRef = A1C4E903302B100000E2C0DB /* KitchenMemoryDomain */; };
		A1C4EA01302B200000E2C0DB /* KitchenMemoryApplication in Frameworks */ = {isa = PBXBuildFile; productRef = A1C4EA04302B200000E2C0DB /* KitchenMemoryApplication */; };
		A1C4EA02302B200000E2C0DB /* KitchenMemoryPersistence in Frameworks */ = {isa = PBXBuildFile; productRef = A1C4EA05302B200000E2C0DB /* KitchenMemoryPersistence */; };
		A1C4EA03302B200000E2C0DB /* KitchenMemorySampleData in Frameworks */ = {isa = PBXBuildFile; productRef = A1C4EA06302B200000E2C0DB /* KitchenMemorySampleData */; };
/* End PBXBuildFile section */

/* Begin PBXContainerItemProxy section */
		A1C4E7AE302A63B900E2C0DB /* PBXContainerItemProxy */ = {
			isa = PBXContainerItemProxy;
			containerPortal = A1C4E796302A63B800E2C0DB /* Project object */;
			proxyType = 1;
			remoteGlobalIDString = A1C4E79D302A63B800E2C0DB;
			remoteInfo = KitchenMemory;
		};
		A1C4E7B8302A63B900E2C0DB /* PBXContainerItemProxy */ = {
			isa = PBXContainerItemProxy;
			containerPortal = A1C4E796302A63B800E2C0DB /* Project object */;
			proxyType = 1;
			remoteGlobalIDString = A1C4E79D302A63B800E2C0DB;
			remoteInfo = KitchenMemory;
		};
/* End PBXContainerItemProxy section */

/* Begin PBXFileReference section */
		A1532352302C2FF100C8D534 /* Documentation.docc */ = {isa = PBXFileReference; lastKnownFileType = folder.documentationcatalog; path = Documentation.docc; sourceTree = "<group>"; };
		A15962C5302BC01A00926925 /* KitchenMemory.xctestplan */ = {isa = PBXFileReference; lastKnownFileType = text; path = KitchenMemory.xctestplan; sourceTree = "<group>"; };
		A1C4E79E302A63B800E2C0DB /* KitchenMemory.app */ = {isa = PBXFileReference; explicitFileType = wrapper.application; includeInIndex = 0; path = KitchenMemory.app; sourceTree = BUILT_PRODUCTS_DIR; };
		A1C4E7AD302A63B900E2C0DB /* KitchenMemoryTests.xctest */ = {isa = PBXFileReference; explicitFileType = wrapper.cfbundle; includeInIndex = 0; path = KitchenMemoryTests.xctest; sourceTree = BUILT_PRODUCTS_DIR; };
		A1C4E7B7302A63B900E2C0DB /* KitchenMemoryUITests.xctest */ = {isa = PBXFileReference; explicitFileType = wrapper.cfbundle; includeInIndex = 0; path = KitchenMemoryUITests.xctest; sourceTree = BUILT_PRODUCTS_DIR; };
		A1C4E7CA302A6F7500E2C0DB /* 01-RearCard.svg */ = {isa = PBXFileReference; lastKnownFileType = text; path = "01-RearCard.svg"; sourceTree = "<group>"; };
		A1C4E7CB302A6F7500E2C0DB /* 02-MiddleCard.svg */ = {isa = PBXFileReference; lastKnownFileType = text; path = "02-MiddleCard.svg"; sourceTree = "<group>"; };
		A1C4E7CC302A6F7500E2C0DB /* 03-FeaturedCard.svg */ = {isa = PBXFileReference; lastKnownFileType = text; path = "03-FeaturedCard.svg"; sourceTree = "<group>"; };
		A1C4E7CD302A6F7500E2C0DB /* 04-RecipeMarks.svg */ = {isa = PBXFileReference; lastKnownFileType = text; path = "04-RecipeMarks.svg"; sourceTree = "<group>"; };
		A1C4E7CE302A6F7500E2C0DB /* 05-LowTray.svg */ = {isa = PBXFileReference; lastKnownFileType = text; path = "05-LowTray.svg"; sourceTree = "<group>"; };
		A1C4E7D0302A6F7500E2C0DB /* Preview-Dark.svg */ = {isa = PBXFileReference; lastKnownFileType = text; path = "Preview-Dark.svg"; sourceTree = "<group>"; };
		A1C4E7D1302A6F7500E2C0DB /* Preview-Light.svg */ = {isa = PBXFileReference; lastKnownFileType = text; path = "Preview-Light.svg"; sourceTree = "<group>"; };
		A1C4E7D3302A6F7500E2C0DB /* 01-RearCard.svgpart */ = {isa = PBXFileReference; lastKnownFileType = text; path = "01-RearCard.svgpart"; sourceTree = "<group>"; };
		A1C4E7D4302A6F7500E2C0DB /* 02-MiddleCard.svgpart */ = {isa = PBXFileReference; lastKnownFileType = text; path = "02-MiddleCard.svgpart"; sourceTree = "<group>"; };
		A1C4E7D5302A6F7500E2C0DB /* 03-FeaturedCard.svgpart */ = {isa = PBXFileReference; lastKnownFileType = text; path = "03-FeaturedCard.svgpart"; sourceTree = "<group>"; };
		A1C4E7D6302A6F7500E2C0DB /* 04-RecipeMarks.svgpart */ = {isa = PBXFileReference; lastKnownFileType = text; path = "04-RecipeMarks.svgpart"; sourceTree = "<group>"; };
		A1C4E7D7302A6F7500E2C0DB /* 05-LowTray.svgpart */ = {isa = PBXFileReference; lastKnownFileType = text; path = "05-LowTray.svgpart"; sourceTree = "<group>"; };
		A1C4E7D9302A6F7500E2C0DB /* README.md */ = {isa = PBXFileReference; lastKnownFileType = net.daringfireball.markdown; path = README.md; sourceTree = "<group>"; };
		A1C4E7DB302A6F7500E2C0DB /* generate-theme.swift */ = {isa = PBXFileReference; lastKnownFileType = sourcecode.swift; path = "generate-theme.swift"; sourceTree = "<group>"; };
		A1C4E7DC302A6F7500E2C0DB /* Palette.json */ = {isa = PBXFileReference; lastKnownFileType = text.json; path = Palette.json; sourceTree = "<group>"; };
		A1C4E837302A6FCA00E2C0DB /* AI.md */ = {isa = PBXFileReference; lastKnownFileType = net.daringfireball.markdown; path = AI.md; sourceTree = "<group>"; };
		A1C4E838302A6FCA00E2C0DB /* COPYRIGHT */ = {isa = PBXFileReference; lastKnownFileType = text; path = COPYRIGHT; sourceTree = "<group>"; };
		A1C4E839302A6FCA00E2C0DB /* LICENSE */ = {isa = PBXFileReference; lastKnownFileType = text; path = LICENSE; sourceTree = "<group>"; };
		A1C4E83A302A6FCA00E2C0DB /* README.md */ = {isa = PBXFileReference; lastKnownFileType = net.daringfireball.markdown; path = README.md; sourceTree = "<group>"; };
/* End PBXFileReference section */

/* Begin PBXFileSystemSynchronizedRootGroup section */
		A1C4E7A0302A63B800E2C0DB /* KitchenMemory */ = {
			isa = PBXFileSystemSynchronizedRootGroup;
			path = KitchenMemory;
			sourceTree = "<group>";
		};
		A1C4E7B0302A63B900E2C0DB /* KitchenMemoryTests */ = {
			isa = PBXFileSystemSynchronizedRootGroup;
			path = KitchenMemoryTests;
			sourceTree = "<group>";
		};
		A1C4E7BA302A63B900E2C0DB /* KitchenMemoryUITests */ = {
			isa = PBXFileSystemSynchronizedRootGroup;
			path = KitchenMemoryUITests;
			sourceTree = "<group>";
		};
/* End PBXFileSystemSynchronizedRootGroup section */

/* Begin PBXFrameworksBuildPhase section */
		A1C4E79B302A63B800E2C0DB /* Frameworks */ = {
			isa = PBXFrameworksBuildPhase;
			buildActionMask = 2147483647;
			files = (
				A1C4EA01302B200000E2C0DB /* KitchenMemoryApplication in Frameworks */,
				A1C4E901302B100000E2C0DB /* KitchenMemoryDomain in Frameworks */,
				A1C4EA02302B200000E2C0DB /* KitchenMemoryPersistence in Frameworks */,
				A1C4EA03302B200000E2C0DB /* KitchenMemorySampleData in Frameworks */,
			);
			runOnlyForDeploymentPostprocessing = 0;
		};
		A1C4E7AA302A63B900E2C0DB /* Frameworks */ = {
			isa = PBXFrameworksBuildPhase;
			buildActionMask = 2147483647;
			files = (
			);
			runOnlyForDeploymentPostprocessing = 0;
		};
		A1C4E7B4302A63B900E2C0DB /* Frameworks */ = {
			isa = PBXFrameworksBuildPhase;
			buildActionMask = 2147483647;
			files = (
			);
			runOnlyForDeploymentPostprocessing = 0;
		};
/* End PBXFrameworksBuildPhase section */

/* Begin PBXGroup section */
		A1C4E795302A63B800E2C0DB = {
			isa = PBXGroup;
			children = (
				A1532352302C2FF100C8D534 /* Documentation.docc */,
				A15962C5302BC01A00926925 /* KitchenMemory.xctestplan */,
				A1C4E837302A6FCA00E2C0DB /* AI.md */,
				A1C4E838302A6FCA00E2C0DB /* COPYRIGHT */,
				A1C4E839302A6FCA00E2C0DB /* LICENSE */,
				A1C4E83A302A6FCA00E2C0DB /* README.md */,
				A1C4E7DD302A6F7500E2C0DB /* Design */,
				A1C4E7A0302A63B800E2C0DB /* KitchenMemory */,
				A1C4E7B0302A63B900E2C0DB /* KitchenMemoryTests */,
				A1C4E7BA302A63B900E2C0DB /* KitchenMemoryUITests */,
				A1C4E79F302A63B800E2C0DB /* Products */,
			);
			sourceTree = "<group>";
		};
		A1C4E79F302A63B800E2C0DB /* Products */ = {
			isa = PBXGroup;
			children = (
				A1C4E79E302A63B800E2C0DB /* KitchenMemory.app */,
				A1C4E7AD302A63B900E2C0DB /* KitchenMemoryTests.xctest */,
				A1C4E7B7302A63B900E2C0DB /* KitchenMemoryUITests.xctest */,
			);
			name = Products;
			sourceTree = "<group>";
		};
		A1C4E7CF302A6F7500E2C0DB /* Layers */ = {
			isa = PBXGroup;
			children = (
				A1C4E7CA302A6F7500E2C0DB /* 01-RearCard.svg */,
				A1C4E7CB302A6F7500E2C0DB /* 02-MiddleCard.svg */,
				A1C4E7CC302A6F7500E2C0DB /* 03-FeaturedCard.svg */,
				A1C4E7CD302A6F7500E2C0DB /* 04-RecipeMarks.svg */,
				A1C4E7CE302A6F7500E2C0DB /* 05-LowTray.svg */,
			);
			path = Layers;
			sourceTree = "<group>";
		};
		A1C4E7D2302A6F7500E2C0DB /* Generated */ = {
			isa = PBXGroup;
			children = (
				A1C4E7CF302A6F7500E2C0DB /* Layers */,
				A1C4E7D0302A6F7500E2C0DB /* Preview-Dark.svg */,
				A1C4E7D1302A6F7500E2C0DB /* Preview-Light.svg */,
			);
			path = Generated;
			sourceTree = "<group>";
		};
		A1C4E7D8302A6F7500E2C0DB /* Layers */ = {
			isa = PBXGroup;
			children = (
				A1C4E7D3302A6F7500E2C0DB /* 01-RearCard.svgpart */,
				A1C4E7D4302A6F7500E2C0DB /* 02-MiddleCard.svgpart */,
				A1C4E7D5302A6F7500E2C0DB /* 03-FeaturedCard.svgpart */,
				A1C4E7D6302A6F7500E2C0DB /* 04-RecipeMarks.svgpart */,
				A1C4E7D7302A6F7500E2C0DB /* 05-LowTray.svgpart */,
			);
			path = Layers;
			sourceTree = "<group>";
		};
		A1C4E7DA302A6F7500E2C0DB /* AppIcon */ = {
			isa = PBXGroup;
			children = (
				A1C4E7D2302A6F7500E2C0DB /* Generated */,
				A1C4E7D8302A6F7500E2C0DB /* Layers */,
				A1C4E7D9302A6F7500E2C0DB /* README.md */,
			);
			path = AppIcon;
			sourceTree = "<group>";
		};
		A1C4E7DD302A6F7500E2C0DB /* Design */ = {
			isa = PBXGroup;
			children = (
				A1C4E7DA302A6F7500E2C0DB /* AppIcon */,
				A1C4E7DB302A6F7500E2C0DB /* generate-theme.swift */,
				A1C4E7DC302A6F7500E2C0DB /* Palette.json */,
			);
			path = Design;
			sourceTree = "<group>";
		};
/* End PBXGroup section */

/* Begin PBXNativeTarget section */
		A1C4E79D302A63B800E2C0DB /* KitchenMemory */ = {
			isa = PBXNativeTarget;
			buildConfigurationList = A1C4E7C1302A63B900E2C0DB /* Build configuration list for PBXNativeTarget "KitchenMemory" */;
			buildPhases = (
				A1C4E850302A750000E2C0DB /* Generate App Icon */,
				A1C4E79A302A63B800E2C0DB /* Sources */,
				A1C4E79B302A63B800E2C0DB /* Frameworks */,
				A1C4E79C302A63B800E2C0DB /* Resources */,
			);
			buildRules = (
			);
			dependencies = (
				A12691AA302E7F04004E6195 /* PBXTargetDependency */,
			);
			fileSystemSynchronizedGroups = (
				A1C4E7A0302A63B800E2C0DB /* KitchenMemory */,
			);
			name = KitchenMemory;
			packageProductDependencies = (
				A1C4EA04302B200000E2C0DB /* KitchenMemoryApplication */,
				A1C4E903302B100000E2C0DB /* KitchenMemoryDomain */,
				A1C4EA05302B200000E2C0DB /* KitchenMemoryPersistence */,
				A1C4EA06302B200000E2C0DB /* KitchenMemorySampleData */,
			);
			productName = KitchenMemory;
			productReference = A1C4E79E302A63B800E2C0DB /* KitchenMemory.app */;
			productType = "com.apple.product-type.application";
		};
		A1C4E7AC302A63B900E2C0DB /* KitchenMemoryTests */ = {
			isa = PBXNativeTarget;
			buildConfigurationList = A1C4E7C4302A63B900E2C0DB /* Build configuration list for PBXNativeTarget "KitchenMemoryTests" */;
			buildPhases = (
				A1C4E7A9302A63B900E2C0DB /* Sources */,
				A1C4E7AA302A63B900E2C0DB /* Frameworks */,
				A1C4E7AB302A63B900E2C0DB /* Resources */,
			);
			buildRules = (
			);
			dependencies = (
				A1C4E7AF302A63B900E2C0DB /* PBXTargetDependency */,
			);
			fileSystemSynchronizedGroups = (
				A1C4E7B0302A63B900E2C0DB /* KitchenMemoryTests */,
			);
			name = KitchenMemoryTests;
			packageProductDependencies = (
			);
			productName = KitchenMemoryTests;
			productReference = A1C4E7AD302A63B900E2C0DB /* KitchenMemoryTests.xctest */;
			productType = "com.apple.product-type.bundle.unit-test";
		};
		A1C4E7B6302A63B900E2C0DB /* KitchenMemoryUITests */ = {
			isa = PBXNativeTarget;
			buildConfigurationList = A1C4E7C7302A63B900E2C0DB /* Build configuration list for PBXNativeTarget "KitchenMemoryUITests" */;
			buildPhases = (
				A1C4E7B3302A63B900E2C0DB /* Sources */,
				A1C4E7B4302A63B900E2C0DB /* Frameworks */,
				A1C4E7B5302A63B900E2C0DB /* Resources */,
			);
			buildRules = (
			);
			dependencies = (
				A1C4E7B9302A63B900E2C0DB /* PBXTargetDependency */,
			);
			fileSystemSynchronizedGroups = (
				A1C4E7BA302A63B900E2C0DB /* KitchenMemoryUITests */,
			);
			name = KitchenMemoryUITests;
			packageProductDependencies = (
			);
			productName = KitchenMemoryUITests;
			productReference = A1C4E7B7302A63B900E2C0DB /* KitchenMemoryUITests.xctest */;
			productType = "com.apple.product-type.bundle.ui-testing";
		};
/* End PBXNativeTarget section */

/* Begin PBXProject section */
		A1C4E796302A63B800E2C0DB /* Project object */ = {
			isa = PBXProject;
			attributes = {
				BuildIndependentTargetsInParallel = 1;
				LastSwiftUpdateCheck = 2660;
				LastUpgradeCheck = 2660;
				TargetAttributes = {
					A1C4E79D302A63B800E2C0DB = {
						CreatedOnToolsVersion = 26.6;
					};
					A1C4E7AC302A63B900E2C0DB = {
						CreatedOnToolsVersion = 26.6;
						TestTargetID = A1C4E79D302A63B800E2C0DB;
					};
					A1C4E7B6302A63B900E2C0DB = {
						CreatedOnToolsVersion = 26.6;
						TestTargetID = A1C4E79D302A63B800E2C0DB;
					};
				};
			};
			buildConfigurationList = A1C4E799302A63B800E2C0DB /* Build configuration list for PBXProject "KitchenMemory" */;
			developmentRegion = en;
			hasScannedForEncodings = 0;
			knownRegions = (
				en,
				Base,
			);
			mainGroup = A1C4E795302A63B800E2C0DB;
			minimizedProjectReferenceProxies = 1;
			packageReferences = (
				A1C4E902302B100000E2C0DB /* XCLocalSwiftPackageReference "KitchenMemoryDomain" */,
				A12691A8302E7ECF004E6195 /* XCRemoteSwiftPackageReference "SwiftLintPlugins" */,
			);
			preferredProjectObjectVersion = 77;
			productRefGroup = A1C4E79F302A63B800E2C0DB /* Products */;
			projectDirPath = "";
			projectRoot = "";
			targets = (
				A1C4E79D302A63B800E2C0DB /* KitchenMemory */,
				A1C4E7AC302A63B900E2C0DB /* KitchenMemoryTests */,
				A1C4E7B6302A63B900E2C0DB /* KitchenMemoryUITests */,
			);
		};
/* End PBXProject section */

/* Begin PBXResourcesBuildPhase section */
		A1C4E79C302A63B800E2C0DB /* Resources */ = {
			isa = PBXResourcesBuildPhase;
			buildActionMask = 2147483647;
			files = (
			);
			runOnlyForDeploymentPostprocessing = 0;
		};
		A1C4E7AB302A63B900E2C0DB /* Resources */ = {
			isa = PBXResourcesBuildPhase;
			buildActionMask = 2147483647;
			files = (
			);
			runOnlyForDeploymentPostprocessing = 0;
		};
		A1C4E7B5302A63B900E2C0DB /* Resources */ = {
			isa = PBXResourcesBuildPhase;
			buildActionMask = 2147483647;
			files = (
			);
			runOnlyForDeploymentPostprocessing = 0;
		};
/* End PBXResourcesBuildPhase section */

/* Begin PBXShellScriptBuildPhase section */
		A1C4E850302A750000E2C0DB /* Generate App Icon */ = {
			isa = PBXShellScriptBuildPhase;
			buildActionMask = 2147483647;
			files = (
			);
			inputFileListPaths = (
			);
			inputPaths = (
				"$(SRCROOT)/Design/Palette.json",
				"$(SRCROOT)/Design/generate-theme.swift",
				"$(SRCROOT)/Design/AppIcon/Layers/01-RearCard.svgpart",
				"$(SRCROOT)/Design/AppIcon/Layers/02-MiddleCard.svgpart",
				"$(SRCROOT)/Design/AppIcon/Layers/03-FeaturedCard.svgpart",
				"$(SRCROOT)/Design/AppIcon/Layers/04-RecipeMarks.svgpart",
				"$(SRCROOT)/Design/AppIcon/Layers/05-LowTray.svgpart",
				"$(SRCROOT)/KitchenMemory/Assets.xcassets/IconBackground.colorset/Contents.json",
				"$(SRCROOT)/KitchenMemory/Assets.xcassets/IconCardFront.colorset/Contents.json",
				"$(SRCROOT)/KitchenMemory/Assets.xcassets/IconCardMiddle.colorset/Contents.json",
				"$(SRCROOT)/KitchenMemory/Assets.xcassets/IconCardRear.colorset/Contents.json",
				"$(SRCROOT)/KitchenMemory/Assets.xcassets/IconMark.colorset/Contents.json",
				"$(SRCROOT)/KitchenMemory/Assets.xcassets/IconTray.colorset/Contents.json",
			);
			name = "Generate App Icon";
			outputFileListPaths = (
			);
			outputPaths = (
				"$(SRCROOT)/Design/AppIcon/Generated/Layers/01-RearCard.svg",
				"$(SRCROOT)/Design/AppIcon/Generated/Layers/02-MiddleCard.svg",
				"$(SRCROOT)/Design/AppIcon/Generated/Layers/03-FeaturedCard.svg",
				"$(SRCROOT)/Design/AppIcon/Generated/Layers/04-RecipeMarks.svg",
				"$(SRCROOT)/Design/AppIcon/Generated/Layers/05-LowTray.svg",
				"$(SRCROOT)/Design/AppIcon/Generated/Preview-Light.svg",
				"$(SRCROOT)/Design/AppIcon/Generated/Preview-Dark.svg",
				"$(SRCROOT)/KitchenMemory/AppIcon.icon/Assets/01-RearCard.svg",
				"$(SRCROOT)/KitchenMemory/AppIcon.icon/Assets/02-MiddleCard.svg",
				"$(SRCROOT)/KitchenMemory/AppIcon.icon/Assets/03-FeaturedCard.svg",
				"$(SRCROOT)/KitchenMemory/AppIcon.icon/Assets/04-RecipeMarks.svg",
				"$(SRCROOT)/KitchenMemory/AppIcon.icon/Assets/05-LowTray.svg",
				"$(SRCROOT)/KitchenMemory/AppIcon.icon/icon.json",
			);
			runOnlyForDeploymentPostprocessing = 0;
			shellPath = /bin/sh;
			shellScript = "cd \"$SRCROOT\"\nxcrun --sdk macosx swift -module-cache-path \"$TMPDIR/KitchenMemoryThemeGeneratorModuleCache\" \"$SRCROOT/Design/generate-theme.swift\"\n";
		};
/* End PBXShellScriptBuildPhase section */

/* Begin PBXSourcesBuildPhase section */
		A1C4E79A302A63B800E2C0DB /* Sources */ = {
			isa = PBXSourcesBuildPhase;
			buildActionMask = 2147483647;
			files = (
				A1532353302C2FF100C8D534 /* Documentation.docc in Sources */,
			);
			runOnlyForDeploymentPostprocessing = 0;
		};
		A1C4E7A9302A63B900E2C0DB /* Sources */ = {
			isa = PBXSourcesBuildPhase;
			buildActionMask = 2147483647;
			files = (
				A1532354302C2FF100C8D534 /* Documentation.docc in Sources */,
			);
			runOnlyForDeploymentPostprocessing = 0;
		};
		A1C4E7B3302A63B900E2C0DB /* Sources */ = {
			isa = PBXSourcesBuildPhase;
			buildActionMask = 2147483647;
			files = (
				A1532355302C2FF100C8D534 /* Documentation.docc in Sources */,
			);
			runOnlyForDeploymentPostprocessing = 0;
		};
/* End PBXSourcesBuildPhase section */

/* Begin PBXTargetDependency section */
		A12691AA302E7F04004E6195 /* PBXTargetDependency */ = {
			isa = PBXTargetDependency;
			productRef = A12691A9302E7F04004E6195 /* SwiftLintBuildToolPlugin */;
		};
		A1C4E7AF302A63B900E2C0DB /* PBXTargetDependency */ = {
			isa = PBXTargetDependency;
			target = A1C4E79D302A63B800E2C0DB /* KitchenMemory */;
			targetProxy = A1C4E7AE302A63B900E2C0DB /* PBXContainerItemProxy */;
		};
		A1C4E7B9302A63B900E2C0DB /* PBXTargetDependency */ = {
			isa = PBXTargetDependency;
			target = A1C4E79D302A63B800E2C0DB /* KitchenMemory */;
			targetProxy = A1C4E7B8302A63B900E2C0DB /* PBXContainerItemProxy */;
		};
/* End PBXTargetDependency section */

/* Begin XCBuildConfiguration section */
		A1C4E7BF302A63B900E2C0DB /* Debug */ = {
			isa = XCBuildConfiguration;
			buildSettings = {
				ALWAYS_SEARCH_USER_PATHS = NO;
				ASSETCATALOG_COMPILER_GENERATE_SWIFT_ASSET_SYMBOL_EXTENSIONS = YES;
				CLANG_ANALYZER_NONNULL = YES;
				CLANG_ANALYZER_NUMBER_OBJECT_CONVERSION = YES_AGGRESSIVE;
				CLANG_CXX_LANGUAGE_STANDARD = "gnu++20";
				CLANG_ENABLE_MODULES = YES;
				CLANG_ENABLE_OBJC_ARC = YES;
				CLANG_ENABLE_OBJC_WEAK = YES;
				CLANG_WARN_BLOCK_CAPTURE_AUTORELEASING = YES;
				CLANG_WARN_BOOL_CONVERSION = YES;
				CLANG_WARN_COMMA = YES;
				CLANG_WARN_CONSTANT_CONVERSION = YES;
				CLANG_WARN_DEPRECATED_OBJC_IMPLEMENTATIONS = YES;
				CLANG_WARN_DIRECT_OBJC_ISA_USAGE = YES_ERROR;
				CLANG_WARN_DOCUMENTATION_COMMENTS = YES;
				CLANG_WARN_EMPTY_BODY = YES;
				CLANG_WARN_ENUM_CONVERSION = YES;
				CLANG_WARN_INFINITE_RECURSION = YES;
				CLANG_WARN_INT_CONVERSION = YES;
				CLANG_WARN_NON_LITERAL_NULL_CONVERSION = YES;
				CLANG_WARN_OBJC_IMPLICIT_RETAIN_SELF = YES;
				CLANG_WARN_OBJC_LITERAL_CONVERSION = YES;
				CLANG_WARN_OBJC_ROOT_CLASS = YES_ERROR;
				CLANG_WARN_QUOTED_INCLUDE_IN_FRAMEWORK_HEADER = YES;
				CLANG_WARN_RANGE_LOOP_ANALYSIS = YES;
				CLANG_WARN_STRICT_PROTOTYPES = YES;
				CLANG_WARN_SUSPICIOUS_MOVE = YES;
				CLANG_WARN_UNGUARDED_AVAILABILITY = YES_AGGRESSIVE;
				CLANG_WARN_UNREACHABLE_CODE = YES;
				CLANG_WARN__DUPLICATE_METHOD_MATCH = YES;
				COPY_PHASE_STRIP = NO;
				DEBUG_INFORMATION_FORMAT = dwarf;
				ENABLE_STRICT_OBJC_MSGSEND = YES;
				ENABLE_TESTABILITY = YES;
				ENABLE_USER_SCRIPT_SANDBOXING = YES;
				GCC_C_LANGUAGE_STANDARD = gnu17;
				GCC_DYNAMIC_NO_PIC = NO;
				GCC_NO_COMMON_BLOCKS = YES;
				GCC_OPTIMIZATION_LEVEL = 0;
				GCC_PREPROCESSOR_DEFINITIONS = (
					"DEBUG=1",
					"$(inherited)",
				);
				GCC_WARN_64_TO_32_BIT_CONVERSION = YES;
				GCC_WARN_ABOUT_RETURN_TYPE = YES_ERROR;
				GCC_WARN_UNDECLARED_SELECTOR = YES;
				GCC_WARN_UNINITIALIZED_AUTOS = YES_AGGRESSIVE;
				GCC_WARN_UNUSED_FUNCTION = YES;
				GCC_WARN_UNUSED_VARIABLE = YES;
				LOCALIZATION_PREFERS_STRING_CATALOGS = YES;
				MTL_ENABLE_DEBUG_INFO = INCLUDE_SOURCE;
				MTL_FAST_MATH = YES;
				ONLY_ACTIVE_ARCH = YES;
				SWIFT_ACTIVE_COMPILATION_CONDITIONS = "DEBUG $(inherited)";
				SWIFT_OPTIMIZATION_LEVEL = "-Onone";
			};
			name = Debug;
		};
		A1C4E7C0302A63B900E2C0DB /* Release */ = {
			isa = XCBuildConfiguration;
			buildSettings = {
				ALWAYS_SEARCH_USER_PATHS = NO;
				ASSETCATALOG_COMPILER_GENERATE_SWIFT_ASSET_SYMBOL_EXTENSIONS = YES;
				CLANG_ANALYZER_NONNULL = YES;
				CLANG_ANALYZER_NUMBER_OBJECT_CONVERSION = YES_AGGRESSIVE;
				CLANG_CXX_LANGUAGE_STANDARD = "gnu++20";
				CLANG_ENABLE_MODULES = YES;
				CLANG_ENABLE_OBJC_ARC = YES;
				CLANG_ENABLE_OBJC_WEAK = YES;
				CLANG_WARN_BLOCK_CAPTURE_AUTORELEASING = YES;
				CLANG_WARN_BOOL_CONVERSION = YES;
				CLANG_WARN_COMMA = YES;
				CLANG_WARN_CONSTANT_CONVERSION = YES;
				CLANG_WARN_DEPRECATED_OBJC_IMPLEMENTATIONS = YES;
				CLANG_WARN_DIRECT_OBJC_ISA_USAGE = YES_ERROR;
				CLANG_WARN_DOCUMENTATION_COMMENTS = YES;
				CLANG_WARN_EMPTY_BODY = YES;
				CLANG_WARN_ENUM_CONVERSION = YES;
				CLANG_WARN_INFINITE_RECURSION = YES;
				CLANG_WARN_INT_CONVERSION = YES;
				CLANG_WARN_NON_LITERAL_NULL_CONVERSION = YES;
				CLANG_WARN_OBJC_IMPLICIT_RETAIN_SELF = YES;
				CLANG_WARN_OBJC_LITERAL_CONVERSION = YES;
				CLANG_WARN_OBJC_ROOT_CLASS = YES_ERROR;
				CLANG_WARN_QUOTED_INCLUDE_IN_FRAMEWORK_HEADER = YES;
				CLANG_WARN_RANGE_LOOP_ANALYSIS = YES;
				CLANG_WARN_STRICT_PROTOTYPES = YES;
				CLANG_WARN_SUSPICIOUS_MOVE = YES;
				CLANG_WARN_UNGUARDED_AVAILABILITY = YES_AGGRESSIVE;
				CLANG_WARN_UNREACHABLE_CODE = YES;
				CLANG_WARN__DUPLICATE_METHOD_MATCH = YES;
				COPY_PHASE_STRIP = NO;
				DEBUG_INFORMATION_FORMAT = "dwarf-with-dsym";
				ENABLE_NS_ASSERTIONS = NO;
				ENABLE_STRICT_OBJC_MSGSEND = YES;
				ENABLE_USER_SCRIPT_SANDBOXING = YES;
				GCC_C_LANGUAGE_STANDARD = gnu17;
				GCC_NO_COMMON_BLOCKS = YES;
				GCC_WARN_64_TO_32_BIT_CONVERSION = YES;
				GCC_WARN_ABOUT_RETURN_TYPE = YES_ERROR;
				GCC_WARN_UNDECLARED_SELECTOR = YES;
				GCC_WARN_UNINITIALIZED_AUTOS = YES_AGGRESSIVE;
				GCC_WARN_UNUSED_FUNCTION = YES;
				GCC_WARN_UNUSED_VARIABLE = YES;
				LOCALIZATION_PREFERS_STRING_CATALOGS = YES;
				MTL_ENABLE_DEBUG_INFO = NO;
				MTL_FAST_MATH = YES;
				SWIFT_COMPILATION_MODE = wholemodule;
			};
			name = Release;
		};
		A1C4E7C2302A63B900E2C0DB /* Debug */ = {
			isa = XCBuildConfiguration;
			buildSettings = {
				ASSETCATALOG_COMPILER_APPICON_NAME = AppIcon;
				ASSETCATALOG_COMPILER_GLOBAL_ACCENT_COLOR_NAME = AccentColor;
				CODE_SIGN_STYLE = Automatic;
				CURRENT_PROJECT_VERSION = 1;
				ENABLE_APP_SANDBOX = YES;
				ENABLE_OUTGOING_NETWORK_CONNECTIONS = YES;
				ENABLE_PREVIEWS = YES;
				GENERATE_INFOPLIST_FILE = YES;
				INFOPLIST_KEY_CFBundleDisplayName = "Kitchen Memory";
				"INFOPLIST_KEY_UIApplicationSceneManifest_Generation[sdk=iphoneos*]" = YES;
				"INFOPLIST_KEY_UIApplicationSceneManifest_Generation[sdk=iphonesimulator*]" = YES;
				"INFOPLIST_KEY_UIApplicationSupportsIndirectInputEvents[sdk=iphoneos*]" = YES;
				"INFOPLIST_KEY_UIApplicationSupportsIndirectInputEvents[sdk=iphonesimulator*]" = YES;
				"INFOPLIST_KEY_UILaunchScreen_Generation[sdk=iphoneos*]" = YES;
				"INFOPLIST_KEY_UILaunchScreen_Generation[sdk=iphonesimulator*]" = YES;
				"INFOPLIST_KEY_UIStatusBarStyle[sdk=iphoneos*]" = UIStatusBarStyleDefault;
				"INFOPLIST_KEY_UIStatusBarStyle[sdk=iphonesimulator*]" = UIStatusBarStyleDefault;
				INFOPLIST_KEY_UISupportedInterfaceOrientations_iPad = "UIInterfaceOrientationPortrait UIInterfaceOrientationPortraitUpsideDown UIInterfaceOrientationLandscapeLeft UIInterfaceOrientationLandscapeRight";
				INFOPLIST_KEY_UISupportedInterfaceOrientations_iPhone = "UIInterfaceOrientationPortrait UIInterfaceOrientationLandscapeLeft UIInterfaceOrientationLandscapeRight";
				IPHONEOS_DEPLOYMENT_TARGET = 26.5;
				LD_RUNPATH_SEARCH_PATHS = "@executable_path/Frameworks";
				"LD_RUNPATH_SEARCH_PATHS[sdk=macosx*]" = "@executable_path/../Frameworks";
				MACOSX_DEPLOYMENT_TARGET = 26.5;
				MARKETING_VERSION = 0.1.0;
				PRODUCT_BUNDLE_IDENTIFIER = net.ctwelve.KitchenMemory;
				PRODUCT_NAME = "$(TARGET_NAME)";
				REGISTER_APP_GROUPS = YES;
				RUN_DOCUMENTATION_COMPILER = YES;
				SDKROOT = auto;
				STRING_CATALOG_GENERATE_SYMBOLS = YES;
				SUPPORTED_PLATFORMS = "iphoneos iphonesimulator macosx xros xrsimulator";
				SWIFT_APPROACHABLE_CONCURRENCY = YES;
				SWIFT_DEFAULT_ACTOR_ISOLATION = MainActor;
				SWIFT_EMIT_LOC_STRINGS = YES;
				SWIFT_UPCOMING_FEATURE_MEMBER_IMPORT_VISIBILITY = YES;
				SWIFT_VERSION = 5.0;
				TARGETED_DEVICE_FAMILY = "1,2,7";
				XROS_DEPLOYMENT_TARGET = 26.5;
			};
			name = Debug;
		};
		A1C4E7C3302A63B900E2C0DB /* Release */ = {
			isa = XCBuildConfiguration;
			buildSettings = {
				ASSETCATALOG_COMPILER_APPICON_NAME = AppIcon;
				ASSETCATALOG_COMPILER_GLOBAL_ACCENT_COLOR_NAME = AccentColor;
				CODE_SIGN_STYLE = Automatic;
				CURRENT_PROJECT_VERSION = 1;
				ENABLE_APP_SANDBOX = YES;
				ENABLE_OUTGOING_NETWORK_CONNECTIONS = YES;
				ENABLE_PREVIEWS = YES;
				GENERATE_INFOPLIST_FILE = YES;
				INFOPLIST_KEY_CFBundleDisplayName = "Kitchen Memory";
				"INFOPLIST_KEY_UIApplicationSceneManifest_Generation[sdk=iphoneos*]" = YES;
				"INFOPLIST_KEY_UIApplicationSceneManifest_Generation[sdk=iphonesimulator*]" = YES;
				"INFOPLIST_KEY_UIApplicationSupportsIndirectInputEvents[sdk=iphoneos*]" = YES;
				"INFOPLIST_KEY_UIApplicationSupportsIndirectInputEvents[sdk=iphonesimulator*]" = YES;
				"INFOPLIST_KEY_UILaunchScreen_Generation[sdk=iphoneos*]" = YES;
				"INFOPLIST_KEY_UILaunchScreen_Generation[sdk=iphonesimulator*]" = YES;
				"INFOPLIST_KEY_UIStatusBarStyle[sdk=iphoneos*]" = UIStatusBarStyleDefault;
				"INFOPLIST_KEY_UIStatusBarStyle[sdk=iphonesimulator*]" = UIStatusBarStyleDefault;
				INFOPLIST_KEY_UISupportedInterfaceOrientations_iPad = "UIInterfaceOrientationPortrait UIInterfaceOrientationPortraitUpsideDown UIInterfaceOrientationLandscapeLeft UIInterfaceOrientationLandscapeRight";
				INFOPLIST_KEY_UISupportedInterfaceOrientations_iPhone = "UIInterfaceOrientationPortrait UIInterfaceOrientationLandscapeLeft UIInterfaceOrientationLandscapeRight";
				IPHONEOS_DEPLOYMENT_TARGET = 26.5;
				LD_RUNPATH_SEARCH_PATHS = "@executable_path/Frameworks";
				"LD_RUNPATH_SEARCH_PATHS[sdk=macosx*]" = "@executable_path/../Frameworks";
				MACOSX_DEPLOYMENT_TARGET = 26.5;
				MARKETING_VERSION = 0.1.0;
				PRODUCT_BUNDLE_IDENTIFIER = net.ctwelve.KitchenMemory;
				PRODUCT_NAME = "$(TARGET_NAME)";
				REGISTER_APP_GROUPS = YES;
				RUN_DOCUMENTATION_COMPILER = YES;
				SDKROOT = auto;
				STRING_CATALOG_GENERATE_SYMBOLS = YES;
				SUPPORTED_PLATFORMS = "iphoneos iphonesimulator macosx xros xrsimulator";
				SWIFT_APPROACHABLE_CONCURRENCY = YES;
				SWIFT_DEFAULT_ACTOR_ISOLATION = MainActor;
				SWIFT_EMIT_LOC_STRINGS = YES;
				SWIFT_UPCOMING_FEATURE_MEMBER_IMPORT_VISIBILITY = YES;
				SWIFT_VERSION = 5.0;
				TARGETED_DEVICE_FAMILY = "1,2,7";
				XROS_DEPLOYMENT_TARGET = 26.5;
			};
			name = Release;
		};
		A1C4E7C5302A63B900E2C0DB /* Debug */ = {
			isa = XCBuildConfiguration;
			buildSettings = {
				BUNDLE_LOADER = "$(TEST_HOST)";
				CODE_SIGN_STYLE = Automatic;
				CURRENT_PROJECT_VERSION = 1;
				GENERATE_INFOPLIST_FILE = YES;
				IPHONEOS_DEPLOYMENT_TARGET = 26.5;
				MACOSX_DEPLOYMENT_TARGET = 26.5;
				MARKETING_VERSION = 1.0;
				PRODUCT_BUNDLE_IDENTIFIER = net.ctwelve.KitchenMemoryTests;
				PRODUCT_NAME = "$(TARGET_NAME)";
				RUN_DOCUMENTATION_COMPILER = YES;
				SDKROOT = auto;
				STRING_CATALOG_GENERATE_SYMBOLS = NO;
				SUPPORTED_PLATFORMS = "iphoneos iphonesimulator macosx xros xrsimulator";
				SWIFT_APPROACHABLE_CONCURRENCY = YES;
				SWIFT_EMIT_LOC_STRINGS = NO;
				SWIFT_UPCOMING_FEATURE_MEMBER_IMPORT_VISIBILITY = YES;
				SWIFT_VERSION = 5.0;
				TARGETED_DEVICE_FAMILY = "1,2,7";
				TEST_HOST = "$(BUILT_PRODUCTS_DIR)/KitchenMemory.app/$(BUNDLE_EXECUTABLE_FOLDER_PATH)/KitchenMemory";
				XROS_DEPLOYMENT_TARGET = 26.5;
			};
			name = Debug;
		};
		A1C4E7C6302A63B900E2C0DB /* Release */ = {
			isa = XCBuildConfiguration;
			buildSettings = {
				BUNDLE_LOADER = "$(TEST_HOST)";
				CODE_SIGN_STYLE = Automatic;
				CURRENT_PROJECT_VERSION = 1;
				GENERATE_INFOPLIST_FILE = YES;
				IPHONEOS_DEPLOYMENT_TARGET = 26.5;
				MACOSX_DEPLOYMENT_TARGET = 26.5;
				MARKETING_VERSION = 1.0;
				PRODUCT_BUNDLE_IDENTIFIER = net.ctwelve.KitchenMemoryTests;
				PRODUCT_NAME = "$(TARGET_NAME)";
				RUN_DOCUMENTATION_COMPILER = YES;
				SDKROOT = auto;
				STRING_CATALOG_GENERATE_SYMBOLS = NO;
				SUPPORTED_PLATFORMS = "iphoneos iphonesimulator macosx xros xrsimulator";
				SWIFT_APPROACHABLE_CONCURRENCY = YES;
				SWIFT_EMIT_LOC_STRINGS = NO;
				SWIFT_UPCOMING_FEATURE_MEMBER_IMPORT_VISIBILITY = YES;
				SWIFT_VERSION = 5.0;
				TARGETED_DEVICE_FAMILY = "1,2,7";
				TEST_HOST = "$(BUILT_PRODUCTS_DIR)/KitchenMemory.app/$(BUNDLE_EXECUTABLE_FOLDER_PATH)/KitchenMemory";
				XROS_DEPLOYMENT_TARGET = 26.5;
			};
			name = Release;
		};
		A1C4E7C8302A63B900E2C0DB /* Debug */ = {
			isa = XCBuildConfiguration;
			buildSettings = {
				CODE_SIGN_STYLE = Automatic;
				CURRENT_PROJECT_VERSION = 1;
				GENERATE_INFOPLIST_FILE = YES;
				IPHONEOS_DEPLOYMENT_TARGET = 26.5;
				MACOSX_DEPLOYMENT_TARGET = 26.5;
				MARKETING_VERSION = 1.0;
				PRODUCT_BUNDLE_IDENTIFIER = net.ctwelve.KitchenMemoryUITests;
				PRODUCT_NAME = "$(TARGET_NAME)";
				RUN_DOCUMENTATION_COMPILER = YES;
				SDKROOT = auto;
				STRING_CATALOG_GENERATE_SYMBOLS = NO;
				SUPPORTED_PLATFORMS = "iphoneos iphonesimulator macosx xros xrsimulator";
				SWIFT_APPROACHABLE_CONCURRENCY = YES;
				SWIFT_EMIT_LOC_STRINGS = NO;
				SWIFT_UPCOMING_FEATURE_MEMBER_IMPORT_VISIBILITY = YES;
				SWIFT_VERSION = 5.0;
				TARGETED_DEVICE_FAMILY = "1,2,7";
				TEST_TARGET_NAME = KitchenMemory;
				XROS_DEPLOYMENT_TARGET = 26.5;
			};
			name = Debug;
		};
		A1C4E7C9302A63B900E2C0DB /* Release */ = {
			isa = XCBuildConfiguration;
			buildSettings = {
				CODE_SIGN_STYLE = Automatic;
				CURRENT_PROJECT_VERSION = 1;
				GENERATE_INFOPLIST_FILE = YES;
				IPHONEOS_DEPLOYMENT_TARGET = 26.5;
				MACOSX_DEPLOYMENT_TARGET = 26.5;
				MARKETING_VERSION = 1.0;
				PRODUCT_BUNDLE_IDENTIFIER = net.ctwelve.KitchenMemoryUITests;
				PRODUCT_NAME = "$(TARGET_NAME)";
				RUN_DOCUMENTATION_COMPILER = YES;
				SDKROOT = auto;
				STRING_CATALOG_GENERATE_SYMBOLS = NO;
				SUPPORTED_PLATFORMS = "iphoneos iphonesimulator macosx xros xrsimulator";
				SWIFT_APPROACHABLE_CONCURRENCY = YES;
				SWIFT_EMIT_LOC_STRINGS = NO;
				SWIFT_UPCOMING_FEATURE_MEMBER_IMPORT_VISIBILITY = YES;
				SWIFT_VERSION = 5.0;
				TARGETED_DEVICE_FAMILY = "1,2,7";
				TEST_TARGET_NAME = KitchenMemory;
				XROS_DEPLOYMENT_TARGET = 26.5;
			};
			name = Release;
		};
/* End XCBuildConfiguration section */

/* Begin XCConfigurationList section */
		A1C4E799302A63B800E2C0DB /* Build configuration list for PBXProject "KitchenMemory" */ = {
			isa = XCConfigurationList;
			buildConfigurations = (
				A1C4E7BF302A63B900E2C0DB /* Debug */,
				A1C4E7C0302A63B900E2C0DB /* Release */,
			);
			defaultConfigurationIsVisible = 0;
			defaultConfigurationName = Release;
		};
		A1C4E7C1302A63B900E2C0DB /* Build configuration list for PBXNativeTarget "KitchenMemory" */ = {
			isa = XCConfigurationList;
			buildConfigurations = (
				A1C4E7C2302A63B900E2C0DB /* Debug */,
				A1C4E7C3302A63B900E2C0DB /* Release */,
			);
			defaultConfigurationIsVisible = 0;
			defaultConfigurationName = Release;
		};
		A1C4E7C4302A63B900E2C0DB /* Build configuration list for PBXNativeTarget "KitchenMemoryTests" */ = {
			isa = XCConfigurationList;
			buildConfigurations = (
				A1C4E7C5302A63B900E2C0DB /* Debug */,
				A1C4E7C6302A63B900E2C0DB /* Release */,
			);
			defaultConfigurationIsVisible = 0;
			defaultConfigurationName = Release;
		};
		A1C4E7C7302A63B900E2C0DB /* Build configuration list for PBXNativeTarget "KitchenMemoryUITests" */ = {
			isa = XCConfigurationList;
			buildConfigurations = (
				A1C4E7C8302A63B900E2C0DB /* Debug */,
				A1C4E7C9302A63B900E2C0DB /* Release */,
			);
			defaultConfigurationIsVisible = 0;
			defaultConfigurationName = Release;
		};
/* End XCConfigurationList section */

/* Begin XCLocalSwiftPackageReference section */
		A1C4E902302B100000E2C0DB /* XCLocalSwiftPackageReference "KitchenMemoryDomain" */ = {
			isa = XCLocalSwiftPackageReference;
			relativePath = KitchenMemoryDomain;
		};
/* End XCLocalSwiftPackageReference section */

/* Begin XCRemoteSwiftPackageReference section */
		A12691A8302E7ECF004E6195 /* XCRemoteSwiftPackageReference "SwiftLintPlugins" */ = {
			isa = XCRemoteSwiftPackageReference;
			repositoryURL = "https://github.com/SimplyDanny/SwiftLintPlugins";
			requirement = {
				kind = upToNextMajorVersion;
				minimumVersion = 0.65.0;
			};
		};
/* End XCRemoteSwiftPackageReference section */

/* Begin XCSwiftPackageProductDependency section */
		A12691A9302E7F04004E6195 /* SwiftLintBuildToolPlugin */ = {
			isa = XCSwiftPackageProductDependency;
			package = A12691A8302E7ECF004E6195 /* XCRemoteSwiftPackageReference "SwiftLintPlugins" */;
			productName = "plugin:SwiftLintBuildToolPlugin";
		};
		A1C4E903302B100000E2C0DB /* KitchenMemoryDomain */ = {
			isa = XCSwiftPackageProductDependency;
			productName = KitchenMemoryDomain;
		};
		A1C4EA04302B200000E2C0DB /* KitchenMemoryApplication */ = {
			isa = XCSwiftPackageProductDependency;
			productName = KitchenMemoryApplication;
		};
		A1C4EA05302B200000E2C0DB /* KitchenMemoryPersistence */ = {
			isa = XCSwiftPackageProductDependency;
			productName = KitchenMemoryPersistence;
		};
		A1C4EA06302B200000E2C0DB /* KitchenMemorySampleData */ = {
			isa = XCSwiftPackageProductDependency;
			productName = KitchenMemorySampleData;
		};
/* End XCSwiftPackageProductDependency section */
	};
	rootObject = A1C4E796302A63B800E2C0DB /* Project object */;
}
