// !$*UTF8*$!
{
	archiveVersion = 1;
	classes = {
	};
	objectVersion = 77;
	objects = {

/* Begin PBXBuildFile section */
		A1532353302C2FF100C8D534 /* Documentation.docc in Sources */ = {isa = PBXBuildFile; fileRef = A1532352302C2FF100C8D534 /* Documentation.docc */; };
		A1532354302C2FF100C8D534 /* Documentation.docc in Sources */ = {isa = PBXBuildFile; fileRef = A1532352302C2FF100C8D534 /* Documentation.docc */; };
		A1532355302C2FF100C8D534 /* Documentation.docc in Sources */ = {isa = PBXBuildFile; fileRef = A1532352302C2FF100C8D534 /* Documentation.docc */; };
		A1C933B730381D9300DE2E1C /* COPYRIGHT in Resources */ = {isa = PBXBuildFile; fileRef = A1C4E838302A6FCA00E2C0DB /* COPYRIGHT */; };
		A1C933B830381D9800DE2E1C /* LICENSE in Resources */ = {isa = PBXBuildFile; fileRef = A1C4E839302A6FCA00E2C0DB /* LICENSE */; };
		A1C933B930381D9E00DE2E1C /* AI.md in Resources */ = {isa = PBXBuildFile; fileRef = A1C4E837302A6FCA00E2C0DB /* AI.md */; };
		A1C933BA30381DAB00DE2E1C /* README.md in Resources */ = {isa = PBXBuildFile; fileRef = A1C4E83A302A6FCA00E2C0DB /* README.md */; };
		B20000000000000000000101 /* KitchenMemoryDomain.framework in Frameworks */ = {isa = PBXBuildFile; fileRef = B20000000000000000000011 /* KitchenMemoryDomain.framework */; };
		B20000000000000000000102 /* KitchenMemoryImport.framework in Frameworks */ = {isa = PBXBuildFile; fileRef = B20000000000000000000012 /* KitchenMemoryImport.framework */; };
		B20000000000000000000103 /* KitchenMemoryPersistence.framework in Frameworks */ = {isa = PBXBuildFile; fileRef = B20000000000000000000013 /* KitchenMemoryPersistence.framework */; };
		B20000000000000000000106 /* KitchenMemoryDomain.framework in Embed Frameworks */ = {isa = PBXBuildFile; fileRef = B20000000000000000000011 /* KitchenMemoryDomain.framework */; settings = {ATTRIBUTES = (CodeSignOnCopy, RemoveHeadersOnCopy, ); }; };
		B20000000000000000000107 /* KitchenMemoryImport.framework in Embed Frameworks */ = {isa = PBXBuildFile; fileRef = B20000000000000000000012 /* KitchenMemoryImport.framework */; settings = {ATTRIBUTES = (CodeSignOnCopy, RemoveHeadersOnCopy, ); }; };
		B20000000000000000000108 /* KitchenMemoryPersistence.framework in Embed Frameworks */ = {isa = PBXBuildFile; fileRef = B20000000000000000000013 /* KitchenMemoryPersistence.framework */; settings = {ATTRIBUTES = (CodeSignOnCopy, RemoveHeadersOnCopy, ); }; };
		B20000000000000000000111 /* KitchenMemoryDomain.framework in Frameworks */ = {isa = PBXBuildFile; fileRef = B20000000000000000000011 /* KitchenMemoryDomain.framework */; };
		B20000000000000000000112 /* KitchenMemoryDomain.framework in Frameworks */ = {isa = PBXBuildFile; fileRef = B20000000000000000000011 /* KitchenMemoryDomain.framework */; };
		B20000000000000000000117 /* KitchenMemoryDomain.framework in Frameworks */ = {isa = PBXBuildFile; fileRef = B20000000000000000000011 /* KitchenMemoryDomain.framework */; };
		B20000000000000000000118 /* KitchenMemoryImport.framework in Frameworks */ = {isa = PBXBuildFile; fileRef = B20000000000000000000012 /* KitchenMemoryImport.framework */; };
		B20000000000000000000119 /* KitchenMemoryPersistence.framework in Frameworks */ = {isa = PBXBuildFile; fileRef = B20000000000000000000013 /* KitchenMemoryPersistence.framework */; };
		B30000000000000000000101 /* KitchenMemoryLogic.framework in Frameworks */ = {isa = PBXBuildFile; fileRef = B30000000000000000000011 /* KitchenMemoryLogic.framework */; };
		B30000000000000000000102 /* KitchenMemoryLogic.framework in Embed Frameworks */ = {isa = PBXBuildFile; fileRef = B30000000000000000000011 /* KitchenMemoryLogic.framework */; settings = {ATTRIBUTES = (CodeSignOnCopy, RemoveHeadersOnCopy, ); }; };
		B30000000000000000000103 /* KitchenMemoryLogic.framework in Frameworks */ = {isa = PBXBuildFile; fileRef = B30000000000000000000011 /* KitchenMemoryLogic.framework */; };
		B30000000000000000000111 /* KitchenMemoryDomain.framework in Frameworks */ = {isa = PBXBuildFile; fileRef = B20000000000000000000011 /* KitchenMemoryDomain.framework */; };
		B30000000000000000000112 /* KitchenMemoryImport.framework in Frameworks */ = {isa = PBXBuildFile; fileRef = B20000000000000000000012 /* KitchenMemoryImport.framework */; };
		B30000000000000000000113 /* KitchenMemoryPersistence.framework in Frameworks */ = {isa = PBXBuildFile; fileRef = B20000000000000000000013 /* KitchenMemoryPersistence.framework */; };
/* End PBXBuildFile section */

/* Begin PBXContainerItemProxy section */
		A14782DF3037A13600B16FC1 /* PBXContainerItemProxy */ = {
			isa = PBXContainerItemProxy;
			containerPortal = A1C4E796302A63B800E2C0DB /* Project object */;
			proxyType = 1;
			remoteGlobalIDString = B20000000000000000000021;
			remoteInfo = KitchenMemoryDomain;
		};
		A14782E03037A13600B16FC1 /* PBXContainerItemProxy */ = {
			isa = PBXContainerItemProxy;
			containerPortal = A1C4E796302A63B800E2C0DB /* Project object */;
			proxyType = 1;
			remoteGlobalIDString = B20000000000000000000022;
			remoteInfo = KitchenMemoryImport;
		};
		A14782E13037A13600B16FC1 /* PBXContainerItemProxy */ = {
			isa = PBXContainerItemProxy;
			containerPortal = A1C4E796302A63B800E2C0DB /* Project object */;
			proxyType = 1;
			remoteGlobalIDString = B20000000000000000000021;
			remoteInfo = KitchenMemoryDomain;
		};
		A14782E23037A13600B16FC1 /* PBXContainerItemProxy */ = {
			isa = PBXContainerItemProxy;
			containerPortal = A1C4E796302A63B800E2C0DB /* Project object */;
			proxyType = 1;
			remoteGlobalIDString = B20000000000000000000023;
			remoteInfo = KitchenMemoryPersistence;
		};
		A14782E33037A13600B16FC1 /* PBXContainerItemProxy */ = {
			isa = PBXContainerItemProxy;
			containerPortal = A1C4E796302A63B800E2C0DB /* Project object */;
			proxyType = 1;
			remoteGlobalIDString = B20000000000000000000021;
			remoteInfo = KitchenMemoryDomain;
		};
		A1C4E7AE302A63B900E2C0DB /* PBXContainerItemProxy */ = {
			isa = PBXContainerItemProxy;
			containerPortal = A1C4E796302A63B800E2C0DB /* Project object */;
			proxyType = 1;
			remoteGlobalIDString = A1C4E79D302A63B800E2C0DB;
			remoteInfo = KitchenMemory;
		};
		A1C4E7B8302A63B900E2C0DB /* PBXContainerItemProxy */ = {
			isa = PBXContainerItemProxy;
			containerPortal = A1C4E796302A63B800E2C0DB /* Project object */;
			proxyType = 1;
			remoteGlobalIDString = A1C4E79D302A63B800E2C0DB;
			remoteInfo = KitchenMemory;
		};
		B30000000000000000000201 /* PBXContainerItemProxy */ = {
			isa = PBXContainerItemProxy;
			containerPortal = A1C4E796302A63B800E2C0DB /* Project object */;
			proxyType = 1;
			remoteGlobalIDString = B30000000000000000000021;
			remoteInfo = KitchenMemoryLogic;
		};
		B30000000000000000000202 /* PBXContainerItemProxy */ = {
			isa = PBXContainerItemProxy;
			containerPortal = A1C4E796302A63B800E2C0DB /* Project object */;
			proxyType = 1;
			remoteGlobalIDString = B20000000000000000000021;
			remoteInfo = KitchenMemoryDomain;
		};
		B30000000000000000000203 /* PBXContainerItemProxy */ = {
			isa = PBXContainerItemProxy;
			containerPortal = A1C4E796302A63B800E2C0DB /* Project object */;
			proxyType = 1;
			remoteGlobalIDString = B20000000000000000000022;
			remoteInfo = KitchenMemoryImport;
		};
		B30000000000000000000204 /* PBXContainerItemProxy */ = {
			isa = PBXContainerItemProxy;
			containerPortal = A1C4E796302A63B800E2C0DB /* Project object */;
			proxyType = 1;
			remoteGlobalIDString = B20000000000000000000023;
			remoteInfo = KitchenMemoryPersistence;
		};
		B30000000000000000000205 /* PBXContainerItemProxy */ = {
			isa = PBXContainerItemProxy;
			containerPortal = A1C4E796302A63B800E2C0DB /* Project object */;
			proxyType = 1;
			remoteGlobalIDString = B30000000000000000000021;
			remoteInfo = KitchenMemoryLogic;
		};
/* End PBXContainerItemProxy section */

/* Begin PBXCopyFilesBuildPhase section */
		B20000000000000000000046 /* Embed Frameworks */ = {
			isa = PBXCopyFilesBuildPhase;
			buildActionMask = 2147483647;
			dstPath = "";
			dstSubfolderSpec = 10;
			files = (
				B20000000000000000000106 /* KitchenMemoryDomain.framework in Embed Frameworks */,
				B20000000000000000000107 /* KitchenMemoryImport.framework in Embed Frameworks */,
				B20000000000000000000108 /* KitchenMemoryPersistence.framework in Embed Frameworks */,
				B30000000000000000000102 /* KitchenMemoryLogic.framework in Embed Frameworks */,
			);
			name = "Embed Frameworks";
			runOnlyForDeploymentPostprocessing = 0;
		};
/* End PBXCopyFilesBuildPhase section */

/* Begin PBXFileReference section */
		A1532352302C2FF100C8D534 /* Documentation.docc */ = {isa = PBXFileReference; lastKnownFileType = folder.documentationcatalog; path = Documentation.docc; sourceTree = "<group>"; };
		A15962C5302BC01A00926925 /* KitchenMemory.xctestplan */ = {isa = PBXFileReference; lastKnownFileType = text; path = KitchenMemory.xctestplan; sourceTree = "<group>"; };
		A15E8F4030391280009B0A22 /* ci_post_clone.sh */ = {isa = PBXFileReference; lastKnownFileType = text.script.sh; name = ci_post_clone.sh; path = ci_scripts/ci_post_clone.sh; sourceTree = SOURCE_ROOT; };
		A15E8F41303912A6009B0A22 /* .swiftlint.yml */ = {isa = PBXFileReference; lastKnownFileType = text.yaml; path = .swiftlint.yml; sourceTree = "<group>"; };
		A1C4E79E302A63B800E2C0DB /* KitchenMemory.app */ = {isa = PBXFileReference; explicitFileType = wrapper.application; includeInIndex = 0; path = KitchenMemory.app; sourceTree = BUILT_PRODUCTS_DIR; };
		A1C4E7AD302A63B900E2C0DB /* KitchenMemoryTests.xctest */ = {isa = PBXFileReference; explicitFileType = wrapper.cfbundle; includeInIndex = 0; path = KitchenMemoryTests.xctest; sourceTree = BUILT_PRODUCTS_DIR; };
		A1C4E7B7302A63B900E2C0DB /* KitchenMemoryUITests.xctest */ = {isa = PBXFileReference; explicitFileType = wrapper.cfbundle; includeInIndex = 0; path = KitchenMemoryUITests.xctest; sourceTree = BUILT_PRODUCTS_DIR; };
		A1C4E837302A6FCA00E2C0DB /* AI.md */ = {isa = PBXFileReference; lastKnownFileType = net.daringfireball.markdown; path = AI.md; sourceTree = "<group>"; };
		A1C4E838302A6FCA00E2C0DB /* COPYRIGHT */ = {isa = PBXFileReference; lastKnownFileType = text; path = COPYRIGHT; sourceTree = "<group>"; };
		A1C4E839302A6FCA00E2C0DB /* LICENSE */ = {isa = PBXFileReference; lastKnownFileType = text; path = LICENSE; sourceTree = "<group>"; };
		A1C4E83A302A6FCA00E2C0DB /* README.md */ = {isa = PBXFileReference; lastKnownFileType = net.daringfireball.markdown; path = README.md; sourceTree = "<group>"; };
		B20000000000000000000011 /* KitchenMemoryDomain.framework */ = {isa = PBXFileReference; explicitFileType = wrapper.framework; includeInIndex = 0; path = KitchenMemoryDomain.framework; sourceTree = BUILT_PRODUCTS_DIR; };
		B20000000000000000000012 /* KitchenMemoryImport.framework */ = {isa = PBXFileReference; explicitFileType = wrapper.framework; includeInIndex = 0; path = KitchenMemoryImport.framework; sourceTree = BUILT_PRODUCTS_DIR; };
		B20000000000000000000013 /* KitchenMemoryPersistence.framework */ = {isa = PBXFileReference; explicitFileType = wrapper.framework; includeInIndex = 0; path = KitchenMemoryPersistence.framework; sourceTree = BUILT_PRODUCTS_DIR; };
		B30000000000000000000011 /* KitchenMemoryLogic.framework */ = {isa = PBXFileReference; explicitFileType = wrapper.framework; includeInIndex = 0; path = KitchenMemoryLogic.framework; sourceTree = BUILT_PRODUCTS_DIR; };
/* End PBXFileReference section */

/* Begin PBXFileSystemSynchronizedBuildFileExceptionSet section */
		A147845D3037AF5A00B16FC1 /* Exceptions for "KitchenMemory" folder in "KitchenMemory" target */ = {
			isa = PBXFileSystemSynchronizedBuildFileExceptionSet;
			membershipExceptions = (
				Info.plist,
				Modules/KitchenMemoryDomain/Kitchen.swift,
				Modules/KitchenMemoryDomain/Recipe.swift,
				Modules/KitchenMemoryDomain/RecipeContent.swift,
				Modules/KitchenMemoryDomain/RecipeRevision.swift,
				Modules/KitchenMemoryDomain/RecipeScaling.swift,
				Modules/KitchenMemoryDomain/RecipeSourceCapture.swift,
				Modules/KitchenMemoryDomain/StableIdentifier.swift,
				Modules/KitchenMemoryImport/ImportedPlainTextNormalizer.swift,
				Modules/KitchenMemoryImport/IngredientLineParser.swift,
				Modules/KitchenMemoryImport/RecipeImportModels.swift,
				Modules/KitchenMemoryImport/RecipeURLImporter.swift,
				Modules/KitchenMemoryImport/RecipeURLImporting.swift,
				Modules/KitchenMemoryImport/RecipeURLRedirectController.swift,
				Modules/KitchenMemoryImport/SchemaOrgRecipeImporter.swift,
				Modules/KitchenMemoryLogic/KitchenServices.swift,
				Modules/KitchenMemoryLogic/RecipeEditor.swift,
				Modules/KitchenMemoryLogic/RecipeEditSession.swift,
				Modules/KitchenMemoryLogic/RecipeImportService.swift,
				Modules/KitchenMemoryLogic/RecipeImportSession.swift,
				Modules/KitchenMemoryLogic/RecipeLibrary.swift,
				Modules/KitchenMemoryLogic/RecipeScalingState.swift,
				Modules/KitchenMemoryLogic/RecipeSourceURLPolicy.swift,
				Modules/KitchenMemoryPersistence/KitchenMemoryMigrationPlan.swift,
				Modules/KitchenMemoryPersistence/KitchenMemorySchema.swift,
				Modules/KitchenMemoryPersistence/PersistenceRecords.swift,
				Modules/KitchenMemoryPersistence/RecipeRepository.swift,
			);
			target = A1C4E79D302A63B800E2C0DB /* KitchenMemory */;
		};
		A147845E3037AF5A00B16FC1 /* Exceptions for "KitchenMemory" folder in "KitchenMemoryDomain" target */ = {
			isa = PBXFileSystemSynchronizedBuildFileExceptionSet;
			membershipExceptions = (
				Modules/KitchenMemoryDomain/Kitchen.swift,
				Modules/KitchenMemoryDomain/Recipe.swift,
				Modules/KitchenMemoryDomain/RecipeContent.swift,
				Modules/KitchenMemoryDomain/RecipeRevision.swift,
				Modules/KitchenMemoryDomain/RecipeScaling.swift,
				Modules/KitchenMemoryDomain/RecipeSourceCapture.swift,
				Modules/KitchenMemoryDomain/StableIdentifier.swift,
			);
			target = B20000000000000000000021 /* KitchenMemoryDomain */;
		};
		A147845F3037AF5A00B16FC1 /* Exceptions for "KitchenMemory" folder in "KitchenMemoryImport" target */ = {
			isa = PBXFileSystemSynchronizedBuildFileExceptionSet;
			membershipExceptions = (
				Modules/KitchenMemoryImport/ImportedPlainTextNormalizer.swift,
				Modules/KitchenMemoryImport/IngredientLineParser.swift,
				Modules/KitchenMemoryImport/RecipeImportModels.swift,
				Modules/KitchenMemoryImport/RecipeURLImporter.swift,
				Modules/KitchenMemoryImport/RecipeURLImporting.swift,
				Modules/KitchenMemoryImport/RecipeURLRedirectController.swift,
				Modules/KitchenMemoryImport/SchemaOrgRecipeImporter.swift,
			);
			target = B20000000000000000000022 /* KitchenMemoryImport */;
		};
		A14784603037AF5A00B16FC1 /* Exceptions for "KitchenMemory" folder in "KitchenMemoryPersistence" target */ = {
			isa = PBXFileSystemSynchronizedBuildFileExceptionSet;
			membershipExceptions = (
				Modules/KitchenMemoryPersistence/KitchenMemoryMigrationPlan.swift,
				Modules/KitchenMemoryPersistence/KitchenMemorySchema.swift,
				Modules/KitchenMemoryPersistence/PersistenceRecords.swift,
				Modules/KitchenMemoryPersistence/RecipeRepository.swift,
			);
			target = B20000000000000000000023 /* KitchenMemoryPersistence */;
		};
		B30000000000000000000501 /* Exceptions for "KitchenMemory" folder in "KitchenMemoryLogic" target */ = {
			isa = PBXFileSystemSynchronizedBuildFileExceptionSet;
			membershipExceptions = (
				Modules/KitchenMemoryLogic/KitchenServices.swift,
				Modules/KitchenMemoryLogic/RecipeEditor.swift,
				Modules/KitchenMemoryLogic/RecipeEditSession.swift,
				Modules/KitchenMemoryLogic/RecipeImportService.swift,
				Modules/KitchenMemoryLogic/RecipeImportSession.swift,
				Modules/KitchenMemoryLogic/RecipeLibrary.swift,
				Modules/KitchenMemoryLogic/RecipeScalingState.swift,
				Modules/KitchenMemoryLogic/RecipeSourceURLPolicy.swift,
			);
			target = B30000000000000000000021 /* KitchenMemoryLogic */;
		};
/* End PBXFileSystemSynchronizedBuildFileExceptionSet section */

/* Begin PBXFileSystemSynchronizedRootGroup section */
		A1C4E7A0302A63B800E2C0DB /* KitchenMemory */ = {
			isa = PBXFileSystemSynchronizedRootGroup;
			exceptions = (
				A147845D3037AF5A00B16FC1 /* Exceptions for "KitchenMemory" folder in "KitchenMemory" target */,
				A147845E3037AF5A00B16FC1 /* Exceptions for "KitchenMemory" folder in "KitchenMemoryDomain" target */,
				A147845F3037AF5A00B16FC1 /* Exceptions for "KitchenMemory" folder in "KitchenMemoryImport" target */,
				A14784603037AF5A00B16FC1 /* Exceptions for "KitchenMemory" folder in "KitchenMemoryPersistence" target */,
				B30000000000000000000501 /* Exceptions for "KitchenMemory" folder in "KitchenMemoryLogic" target */,
			);
			path = KitchenMemory;
			sourceTree = "<group>";
		};
		A1C4E7B0302A63B900E2C0DB /* KitchenMemoryTests */ = {
			isa = PBXFileSystemSynchronizedRootGroup;
			path = KitchenMemoryTests;
			sourceTree = "<group>";
		};
		A1C4E7BA302A63B900E2C0DB /* KitchenMemoryUITests */ = {
			isa = PBXFileSystemSynchronizedRootGroup;
			path = KitchenMemoryUITests;
			sourceTree = "<group>";
		};
/* End PBXFileSystemSynchronizedRootGroup section */

/* Begin PBXFrameworksBuildPhase section */
		A1C4E79B302A63B800E2C0DB /* Frameworks */ = {
			isa = PBXFrameworksBuildPhase;
			buildActionMask = 2147483647;
			files = (
				B20000000000000000000101 /* KitchenMemoryDomain.framework in Frameworks */,
				B20000000000000000000102 /* KitchenMemoryImport.framework in Frameworks */,
				B20000000000000000000103 /* KitchenMemoryPersistence.framework in Frameworks */,
				B30000000000000000000101 /* KitchenMemoryLogic.framework in Frameworks */,
			);
			runOnlyForDeploymentPostprocessing = 0;
		};
		A1C4E7AA302A63B900E2C0DB /* Frameworks */ = {
			isa = PBXFrameworksBuildPhase;
			buildActionMask = 2147483647;
			files = (
				B20000000000000000000117 /* KitchenMemoryDomain.framework in Frameworks */,
				B20000000000000000000118 /* KitchenMemoryImport.framework in Frameworks */,
				B20000000000000000000119 /* KitchenMemoryPersistence.framework in Frameworks */,
				B30000000000000000000103 /* KitchenMemoryLogic.framework in Frameworks */,
			);
			runOnlyForDeploymentPostprocessing = 0;
		};
		A1C4E7B4302A63B900E2C0DB /* Frameworks */ = {
			isa = PBXFrameworksBuildPhase;
			buildActionMask = 2147483647;
			files = (
			);
			runOnlyForDeploymentPostprocessing = 0;
		};
		B20000000000000000000032 /* Frameworks */ = {
			isa = PBXFrameworksBuildPhase;
			buildActionMask = 2147483647;
			files = (
			);
			runOnlyForDeploymentPostprocessing = 0;
		};
		B20000000000000000000035 /* Frameworks */ = {
			isa = PBXFrameworksBuildPhase;
			buildActionMask = 2147483647;
			files = (
				B20000000000000000000111 /* KitchenMemoryDomain.framework in Frameworks */,
			);
			runOnlyForDeploymentPostprocessing = 0;
		};
		B20000000000000000000038 /* Frameworks */ = {
			isa = PBXFrameworksBuildPhase;
			buildActionMask = 2147483647;
			files = (
				B20000000000000000000112 /* KitchenMemoryDomain.framework in Frameworks */,
			);
			runOnlyForDeploymentPostprocessing = 0;
		};
		B30000000000000000000032 /* Frameworks */ = {
			isa = PBXFrameworksBuildPhase;
			buildActionMask = 2147483647;
			files = (
				B30000000000000000000111 /* KitchenMemoryDomain.framework in Frameworks */,
				B30000000000000000000112 /* KitchenMemoryImport.framework in Frameworks */,
				B30000000000000000000113 /* KitchenMemoryPersistence.framework in Frameworks */,
			);
			runOnlyForDeploymentPostprocessing = 0;
		};
/* End PBXFrameworksBuildPhase section */

/* Begin PBXGroup section */
		A1C4E795302A63B800E2C0DB = {
			isa = PBXGroup;
			children = (
				A15E8F41303912A6009B0A22 /* .swiftlint.yml */,
				A15E8F4030391280009B0A22 /* ci_post_clone.sh */,
				A1532352302C2FF100C8D534 /* Documentation.docc */,
				A15962C5302BC01A00926925 /* KitchenMemory.xctestplan */,
				A1C4E837302A6FCA00E2C0DB /* AI.md */,
				A1C4E838302A6FCA00E2C0DB /* COPYRIGHT */,
				A1C4E839302A6FCA00E2C0DB /* LICENSE */,
				A1C4E83A302A6FCA00E2C0DB /* README.md */,
				A1C4E7A0302A63B800E2C0DB /* KitchenMemory */,
				A1C4E7B0302A63B900E2C0DB /* KitchenMemoryTests */,
				A1C4E7BA302A63B900E2C0DB /* KitchenMemoryUITests */,
				A1C4E79F302A63B800E2C0DB /* Products */,
			);
			sourceTree = "<group>";
		};
		A1C4E79F302A63B800E2C0DB /* Products */ = {
			isa = PBXGroup;
			children = (
				A1C4E79E302A63B800E2C0DB /* KitchenMemory.app */,
				A1C4E7AD302A63B900E2C0DB /* KitchenMemoryTests.xctest */,
				A1C4E7B7302A63B900E2C0DB /* KitchenMemoryUITests.xctest */,
				B20000000000000000000011 /* KitchenMemoryDomain.framework */,
				B20000000000000000000012 /* KitchenMemoryImport.framework */,
				B20000000000000000000013 /* KitchenMemoryPersistence.framework */,
				B30000000000000000000011 /* KitchenMemoryLogic.framework */,
			);
			name = Products;
			sourceTree = "<group>";
		};
/* End PBXGroup section */

/* Begin PBXNativeTarget section */
		A1C4E79D302A63B800E2C0DB /* KitchenMemory */ = {
			isa = PBXNativeTarget;
			buildConfigurationList = A1C4E7C1302A63B900E2C0DB /* Build configuration list for PBXNativeTarget "KitchenMemory" */;
			buildPhases = (
				A1C4E79A302A63B800E2C0DB /* Sources */,
				A1C4E79B302A63B800E2C0DB /* Frameworks */,
				B20000000000000000000046 /* Embed Frameworks */,
				A1C4E79C302A63B800E2C0DB /* Resources */,
			);
			buildRules = (
			);
			dependencies = (
				A12691AA302E7F04004E6195 /* PBXTargetDependency */,
				B20000000000000000000201 /* PBXTargetDependency */,
				B20000000000000000000202 /* PBXTargetDependency */,
				B20000000000000000000203 /* PBXTargetDependency */,
				B30000000000000000000401 /* PBXTargetDependency */,
			);
			fileSystemSynchronizedGroups = (
				A1C4E7A0302A63B800E2C0DB /* KitchenMemory */,
			);
			name = KitchenMemory;
			packageProductDependencies = (
			);
			productName = KitchenMemory;
			productReference = A1C4E79E302A63B800E2C0DB /* KitchenMemory.app */;
			productType = "com.apple.product-type.application";
		};
		A1C4E7AC302A63B900E2C0DB /* KitchenMemoryTests */ = {
			isa = PBXNativeTarget;
			buildConfigurationList = A1C4E7C4302A63B900E2C0DB /* Build configuration list for PBXNativeTarget "KitchenMemoryTests" */;
			buildPhases = (
				A1C4E7A9302A63B900E2C0DB /* Sources */,
				A1C4E7AA302A63B900E2C0DB /* Frameworks */,
				A1C4E7AB302A63B900E2C0DB /* Resources */,
			);
			buildRules = (
			);
			dependencies = (
				A1C4E7AF302A63B900E2C0DB /* PBXTargetDependency */,
				B20000000000000000000401 /* PBXTargetDependency */,
				B30000000000000000000406 /* PBXTargetDependency */,
			);
			fileSystemSynchronizedGroups = (
				A1C4E7B0302A63B900E2C0DB /* KitchenMemoryTests */,
			);
			name = KitchenMemoryTests;
			packageProductDependencies = (
			);
			productName = KitchenMemoryTests;
			productReference = A1C4E7AD302A63B900E2C0DB /* KitchenMemoryTests.xctest */;
			productType = "com.apple.product-type.bundle.unit-test";
		};
		A1C4E7B6302A63B900E2C0DB /* KitchenMemoryUITests */ = {
			isa = PBXNativeTarget;
			buildConfigurationList = A1C4E7C7302A63B900E2C0DB /* Build configuration list for PBXNativeTarget "KitchenMemoryUITests" */;
			buildPhases = (
				A1C4E7B3302A63B900E2C0DB /* Sources */,
				A1C4E7B4302A63B900E2C0DB /* Frameworks */,
				A1C4E7B5302A63B900E2C0DB /* Resources */,
			);
			buildRules = (
			);
			dependencies = (
				A1C4E7B9302A63B900E2C0DB /* PBXTargetDependency */,
				B20000000000000000000402 /* PBXTargetDependency */,
			);
			fileSystemSynchronizedGroups = (
				A1C4E7BA302A63B900E2C0DB /* KitchenMemoryUITests */,
			);
			name = KitchenMemoryUITests;
			packageProductDependencies = (
			);
			productName = KitchenMemoryUITests;
			productReference = A1C4E7B7302A63B900E2C0DB /* KitchenMemoryUITests.xctest */;
			productType = "com.apple.product-type.bundle.ui-testing";
		};
		B20000000000000000000021 /* KitchenMemoryDomain */ = {
			isa = PBXNativeTarget;
			buildConfigurationList = B20000000000000000000321 /* Build configuration list for PBXNativeTarget "KitchenMemoryDomain" */;
			buildPhases = (
				B20000000000000000000031 /* Sources */,
				B20000000000000000000032 /* Frameworks */,
				B20000000000000000000033 /* Resources */,
			);
			buildRules = (
			);
			dependencies = (
				B20000000000000000000403 /* PBXTargetDependency */,
			);
			name = KitchenMemoryDomain;
			packageProductDependencies = (
			);
			productName = KitchenMemoryDomain;
			productReference = B20000000000000000000011 /* KitchenMemoryDomain.framework */;
			productType = "com.apple.product-type.framework";
		};
		B20000000000000000000022 /* KitchenMemoryImport */ = {
			isa = PBXNativeTarget;
			buildConfigurationList = B20000000000000000000322 /* Build configuration list for PBXNativeTarget "KitchenMemoryImport" */;
			buildPhases = (
				B20000000000000000000034 /* Sources */,
				B20000000000000000000035 /* Frameworks */,
				B20000000000000000000036 /* Resources */,
			);
			buildRules = (
			);
			dependencies = (
				B20000000000000000000206 /* PBXTargetDependency */,
				B20000000000000000000404 /* PBXTargetDependency */,
			);
			name = KitchenMemoryImport;
			packageProductDependencies = (
			);
			productName = KitchenMemoryImport;
			productReference = B20000000000000000000012 /* KitchenMemoryImport.framework */;
			productType = "com.apple.product-type.framework";
		};
		B20000000000000000000023 /* KitchenMemoryPersistence */ = {
			isa = PBXNativeTarget;
			buildConfigurationList = B20000000000000000000323 /* Build configuration list for PBXNativeTarget "KitchenMemoryPersistence" */;
			buildPhases = (
				B20000000000000000000037 /* Sources */,
				B20000000000000000000038 /* Frameworks */,
				B20000000000000000000039 /* Resources */,
			);
			buildRules = (
			);
			dependencies = (
				B20000000000000000000207 /* PBXTargetDependency */,
				B20000000000000000000405 /* PBXTargetDependency */,
			);
			name = KitchenMemoryPersistence;
			packageProductDependencies = (
			);
			productName = KitchenMemoryPersistence;
			productReference = B20000000000000000000013 /* KitchenMemoryPersistence.framework */;
			productType = "com.apple.product-type.framework";
		};
		B30000000000000000000021 /* KitchenMemoryLogic */ = {
			isa = PBXNativeTarget;
			buildConfigurationList = B30000000000000000000321 /* Build configuration list for PBXNativeTarget "KitchenMemoryLogic" */;
			buildPhases = (
				B30000000000000000000031 /* Sources */,
				B30000000000000000000032 /* Frameworks */,
				B30000000000000000000033 /* Resources */,
			);
			buildRules = (
			);
			dependencies = (
				B30000000000000000000402 /* PBXTargetDependency */,
				B30000000000000000000403 /* PBXTargetDependency */,
				B30000000000000000000404 /* PBXTargetDependency */,
				B30000000000000000000405 /* PBXTargetDependency */,
			);
			name = KitchenMemoryLogic;
			packageProductDependencies = (
			);
			productName = KitchenMemoryLogic;
			productReference = B30000000000000000000011 /* KitchenMemoryLogic.framework */;
			productType = "com.apple.product-type.framework";
		};
/* End PBXNativeTarget section */

/* Begin PBXProject section */
		A1C4E796302A63B800E2C0DB /* Project object */ = {
			isa = PBXProject;
			attributes = {
				BuildIndependentTargetsInParallel = 1;
				LastSwiftUpdateCheck = 2660;
				LastUpgradeCheck = 2660;
				TargetAttributes = {
					A1C4E79D302A63B800E2C0DB = {
						CreatedOnToolsVersion = 26.6;
					};
					A1C4E7AC302A63B900E2C0DB = {
						CreatedOnToolsVersion = 26.6;
						TestTargetID = A1C4E79D302A63B800E2C0DB;
					};
					A1C4E7B6302A63B900E2C0DB = {
						CreatedOnToolsVersion = 26.6;
						TestTargetID = A1C4E79D302A63B800E2C0DB;
					};
					B20000000000000000000021 = {
						CreatedOnToolsVersion = 26.6;
					};
					B20000000000000000000022 = {
						CreatedOnToolsVersion = 26.6;
					};
					B20000000000000000000023 = {
						CreatedOnToolsVersion = 26.6;
					};
					B30000000000000000000021 = {
						CreatedOnToolsVersion = 26.6;
					};
				};
			};
			buildConfigurationList = A1C4E799302A63B800E2C0DB /* Build configuration list for PBXProject "KitchenMemory" */;
			developmentRegion = en;
			hasScannedForEncodings = 0;
			knownRegions = (
				en,
				Base,
			);
			mainGroup = A1C4E795302A63B800E2C0DB;
			minimizedProjectReferenceProxies = 1;
			packageReferences = (
				A12691A8302E7ECF004E6195 /* XCRemoteSwiftPackageReference "SwiftLintPlugins" */,
			);
			preferredProjectObjectVersion = 77;
			productRefGroup = A1C4E79F302A63B800E2C0DB /* Products */;
			projectDirPath = "";
			projectRoot = "";
			targets = (
				A1C4E79D302A63B800E2C0DB /* KitchenMemory */,
				A1C4E7AC302A63B900E2C0DB /* KitchenMemoryTests */,
				A1C4E7B6302A63B900E2C0DB /* KitchenMemoryUITests */,
				B20000000000000000000021 /* KitchenMemoryDomain */,
				B20000000000000000000022 /* KitchenMemoryImport */,
				B20000000000000000000023 /* KitchenMemoryPersistence */,
				B30000000000000000000021 /* KitchenMemoryLogic */,
			);
		};
/* End PBXProject section */

/* Begin PBXResourcesBuildPhase section */
		A1C4E79C302A63B800E2C0DB /* Resources */ = {
			isa = PBXResourcesBuildPhase;
			buildActionMask = 2147483647;
			files = (
				A1C933B830381D9800DE2E1C /* LICENSE in Resources */,
				A1C933B930381D9E00DE2E1C /* AI.md in Resources */,
				A1C933B730381D9300DE2E1C /* COPYRIGHT in Resources */,
				A1C933BA30381DAB00DE2E1C /* README.md in Resources */,
			);
			runOnlyForDeploymentPostprocessing = 0;
		};
		A1C4E7AB302A63B900E2C0DB /* Resources */ = {
			isa = PBXResourcesBuildPhase;
			buildActionMask = 2147483647;
			files = (
			);
			runOnlyForDeploymentPostprocessing = 0;
		};
		A1C4E7B5302A63B900E2C0DB /* Resources */ = {
			isa = PBXResourcesBuildPhase;
			buildActionMask = 2147483647;
			files = (
			);
			runOnlyForDeploymentPostprocessing = 0;
		};
		B20000000000000000000033 /* Resources */ = {
			isa = PBXResourcesBuildPhase;
			buildActionMask = 2147483647;
			files = (
			);
			runOnlyForDeploymentPostprocessing = 0;
		};
		B20000000000000000000036 /* Resources */ = {
			isa = PBXResourcesBuildPhase;
			buildActionMask = 2147483647;
			files = (
			);
			runOnlyForDeploymentPostprocessing = 0;
		};
		B20000000000000000000039 /* Resources */ = {
			isa = PBXResourcesBuildPhase;
			buildActionMask = 2147483647;
			files = (
			);
			runOnlyForDeploymentPostprocessing = 0;
		};
		B30000000000000000000033 /* Resources */ = {
			isa = PBXResourcesBuildPhase;
			buildActionMask = 2147483647;
			files = (
			);
			runOnlyForDeploymentPostprocessing = 0;
		};
/* End PBXResourcesBuildPhase section */

/* Begin PBXSourcesBuildPhase section */
		A1C4E79A302A63B800E2C0DB /* Sources */ = {
			isa = PBXSourcesBuildPhase;
			buildActionMask = 2147483647;
			files = (
				A1532353302C2FF100C8D534 /* Documentation.docc in Sources */,
			);
			runOnlyForDeploymentPostprocessing = 0;
		};
		A1C4E7A9302A63B900E2C0DB /* Sources */ = {
			isa = PBXSourcesBuildPhase;
			buildActionMask = 2147483647;
			files = (
				A1532354302C2FF100C8D534 /* Documentation.docc in Sources */,
			);
			runOnlyForDeploymentPostprocessing = 0;
		};
		A1C4E7B3302A63B900E2C0DB /* Sources */ = {
			isa = PBXSourcesBuildPhase;
			buildActionMask = 2147483647;
			files = (
				A1532355302C2FF100C8D534 /* Documentation.docc in Sources */,
			);
			runOnlyForDeploymentPostprocessing = 0;
		};
		B20000000000000000000031 /* Sources */ = {
			isa = PBXSourcesBuildPhase;
			buildActionMask = 2147483647;
			files = (
			);
			runOnlyForDeploymentPostprocessing = 0;
		};
		B20000000000000000000034 /* Sources */ = {
			isa = PBXSourcesBuildPhase;
			buildActionMask = 2147483647;
			files = (
			);
			runOnlyForDeploymentPostprocessing = 0;
		};
		B20000000000000000000037 /* Sources */ = {
			isa = PBXSourcesBuildPhase;
			buildActionMask = 2147483647;
			files = (
			);
			runOnlyForDeploymentPostprocessing = 0;
		};
		B30000000000000000000031 /* Sources */ = {
			isa = PBXSourcesBuildPhase;
			buildActionMask = 2147483647;
			files = (
			);
			runOnlyForDeploymentPostprocessing = 0;
		};
/* End PBXSourcesBuildPhase section */

/* Begin PBXTargetDependency section */
		A12691AA302E7F04004E6195 /* PBXTargetDependency */ = {
			isa = PBXTargetDependency;
			productRef = A12691A9302E7F04004E6195 /* SwiftLintBuildToolPlugin */;
		};
		A1C4E7AF302A63B900E2C0DB /* PBXTargetDependency */ = {
			isa = PBXTargetDependency;
			target = A1C4E79D302A63B800E2C0DB /* KitchenMemory */;
			targetProxy = A1C4E7AE302A63B900E2C0DB /* PBXContainerItemProxy */;
		};
		A1C4E7B9302A63B900E2C0DB /* PBXTargetDependency */ = {
			isa = PBXTargetDependency;
			target = A1C4E79D302A63B800E2C0DB /* KitchenMemory */;
			targetProxy = A1C4E7B8302A63B900E2C0DB /* PBXContainerItemProxy */;
		};
		B20000000000000000000201 /* PBXTargetDependency */ = {
			isa = PBXTargetDependency;
			target = B20000000000000000000021 /* KitchenMemoryDomain */;
			targetProxy = A14782DF3037A13600B16FC1 /* PBXContainerItemProxy */;
		};
		B20000000000000000000202 /* PBXTargetDependency */ = {
			isa = PBXTargetDependency;
			target = B20000000000000000000022 /* KitchenMemoryImport */;
			targetProxy = A14782E03037A13600B16FC1 /* PBXContainerItemProxy */;
		};
		B20000000000000000000203 /* PBXTargetDependency */ = {
			isa = PBXTargetDependency;
			target = B20000000000000000000023 /* KitchenMemoryPersistence */;
			targetProxy = A14782E23037A13600B16FC1 /* PBXContainerItemProxy */;
		};
		B20000000000000000000206 /* PBXTargetDependency */ = {
			isa = PBXTargetDependency;
			target = B20000000000000000000021 /* KitchenMemoryDomain */;
			targetProxy = A14782E13037A13600B16FC1 /* PBXContainerItemProxy */;
		};
		B20000000000000000000207 /* PBXTargetDependency */ = {
			isa = PBXTargetDependency;
			target = B20000000000000000000021 /* KitchenMemoryDomain */;
			targetProxy = A14782E33037A13600B16FC1 /* PBXContainerItemProxy */;
		};
		B20000000000000000000401 /* PBXTargetDependency */ = {
			isa = PBXTargetDependency;
			productRef = A12691A9302E7F04004E6195 /* SwiftLintBuildToolPlugin */;
		};
		B20000000000000000000402 /* PBXTargetDependency */ = {
			isa = PBXTargetDependency;
			productRef = A12691A9302E7F04004E6195 /* SwiftLintBuildToolPlugin */;
		};
		B20000000000000000000403 /* PBXTargetDependency */ = {
			isa = PBXTargetDependency;
			productRef = A12691A9302E7F04004E6195 /* SwiftLintBuildToolPlugin */;
		};
		B20000000000000000000404 /* PBXTargetDependency */ = {
			isa = PBXTargetDependency;
			productRef = A12691A9302E7F04004E6195 /* SwiftLintBuildToolPlugin */;
		};
		B20000000000000000000405 /* PBXTargetDependency */ = {
			isa = PBXTargetDependency;
			productRef = A12691A9302E7F04004E6195 /* SwiftLintBuildToolPlugin */;
		};
		B30000000000000000000401 /* PBXTargetDependency */ = {
			isa = PBXTargetDependency;
			target = B30000000000000000000021 /* KitchenMemoryLogic */;
			targetProxy = B30000000000000000000201 /* PBXContainerItemProxy */;
		};
		B30000000000000000000402 /* PBXTargetDependency */ = {
			isa = PBXTargetDependency;
			target = B20000000000000000000021 /* KitchenMemoryDomain */;
			targetProxy = B30000000000000000000202 /* PBXContainerItemProxy */;
		};
		B30000000000000000000403 /* PBXTargetDependency */ = {
			isa = PBXTargetDependency;
			target = B20000000000000000000022 /* KitchenMemoryImport */;
			targetProxy = B30000000000000000000203 /* PBXContainerItemProxy */;
		};
		B30000000000000000000404 /* PBXTargetDependency */ = {
			isa = PBXTargetDependency;
			target = B20000000000000000000023 /* KitchenMemoryPersistence */;
			targetProxy = B30000000000000000000204 /* PBXContainerItemProxy */;
		};
		B30000000000000000000405 /* PBXTargetDependency */ = {
			isa = PBXTargetDependency;
			productRef = A12691A9302E7F04004E6195 /* SwiftLintBuildToolPlugin */;
		};
		B30000000000000000000406 /* PBXTargetDependency */ = {
			isa = PBXTargetDependency;
			target = B30000000000000000000021 /* KitchenMemoryLogic */;
			targetProxy = B30000000000000000000205 /* PBXContainerItemProxy */;
		};
/* End PBXTargetDependency section */

/* Begin XCBuildConfiguration section */
		A1C4E7BF302A63B900E2C0DB /* Debug */ = {
			isa = XCBuildConfiguration;
			buildSettings = {
				ALWAYS_SEARCH_USER_PATHS = NO;
				ASSETCATALOG_COMPILER_GENERATE_SWIFT_ASSET_SYMBOL_EXTENSIONS = YES;
				CLANG_ANALYZER_NONNULL = YES;
				CLANG_ANALYZER_NUMBER_OBJECT_CONVERSION = YES_AGGRESSIVE;
				CLANG_CXX_LANGUAGE_STANDARD = "gnu++20";
				CLANG_ENABLE_MODULES = YES;
				CLANG_ENABLE_OBJC_ARC = YES;
				CLANG_ENABLE_OBJC_WEAK = YES;
				CLANG_STATIC_ANALYZER_MODE_ON_ANALYZE_ACTION = deep;
				CLANG_WARN_BLOCK_CAPTURE_AUTORELEASING = YES;
				CLANG_WARN_BOOL_CONVERSION = YES;
				CLANG_WARN_COMMA = YES;
				CLANG_WARN_CONSTANT_CONVERSION = YES;
				CLANG_WARN_DEPRECATED_OBJC_IMPLEMENTATIONS = YES;
				CLANG_WARN_DIRECT_OBJC_ISA_USAGE = YES_ERROR;
				CLANG_WARN_DOCUMENTATION_COMMENTS = YES;
				CLANG_WARN_EMPTY_BODY = YES;
				CLANG_WARN_ENUM_CONVERSION = YES;
				CLANG_WARN_INFINITE_RECURSION = YES;
				CLANG_WARN_INT_CONVERSION = YES;
				CLANG_WARN_NON_LITERAL_NULL_CONVERSION = YES;
				CLANG_WARN_OBJC_IMPLICIT_RETAIN_SELF = YES;
				CLANG_WARN_OBJC_LITERAL_CONVERSION = YES;
				CLANG_WARN_OBJC_ROOT_CLASS = YES_ERROR;
				CLANG_WARN_QUOTED_INCLUDE_IN_FRAMEWORK_HEADER = YES;
				CLANG_WARN_RANGE_LOOP_ANALYSIS = YES;
				CLANG_WARN_STRICT_PROTOTYPES = YES;
				CLANG_WARN_SUSPICIOUS_MOVE = YES;
				CLANG_WARN_UNGUARDED_AVAILABILITY = YES_AGGRESSIVE;
				CLANG_WARN_UNREACHABLE_CODE = YES;
				CLANG_WARN__DUPLICATE_METHOD_MATCH = YES;
				COPY_PHASE_STRIP = NO;
				DEBUG_INFORMATION_FORMAT = dwarf;
				ENABLE_STRICT_OBJC_MSGSEND = YES;
				ENABLE_TESTABILITY = YES;
				ENABLE_USER_SCRIPT_SANDBOXING = YES;
				GCC_C_LANGUAGE_STANDARD = gnu17;
				GCC_DYNAMIC_NO_PIC = NO;
				GCC_NO_COMMON_BLOCKS = YES;
				GCC_OPTIMIZATION_LEVEL = 0;
				GCC_PREPROCESSOR_DEFINITIONS = (
					"DEBUG=1",
					"$(inherited)",
				);
				GCC_WARN_64_TO_32_BIT_CONVERSION = YES;
				GCC_WARN_ABOUT_RETURN_TYPE = YES_ERROR;
				GCC_WARN_UNDECLARED_SELECTOR = YES;
				GCC_WARN_UNINITIALIZED_AUTOS = YES_AGGRESSIVE;
				GCC_WARN_UNUSED_FUNCTION = YES;
				GCC_WARN_UNUSED_VARIABLE = YES;
				INFOPLIST_KEY_LSApplicationCategoryType = "public.app-category.food-and-drink";
				LOCALIZATION_PREFERS_STRING_CATALOGS = YES;
				MTL_ENABLE_DEBUG_INFO = INCLUDE_SOURCE;
				MTL_FAST_MATH = YES;
				ONLY_ACTIVE_ARCH = YES;
				SWIFT_ACTIVE_COMPILATION_CONDITIONS = "DEBUG $(inherited)";
				SWIFT_OPTIMIZATION_LEVEL = "-Onone";
			};
			name = Debug;
		};
		A1C4E7C0302A63B900E2C0DB /* Release */ = {
			isa = XCBuildConfiguration;
			buildSettings = {
				ALWAYS_SEARCH_USER_PATHS = NO;
				ASSETCATALOG_COMPILER_GENERATE_SWIFT_ASSET_SYMBOL_EXTENSIONS = YES;
				CLANG_ANALYZER_NONNULL = YES;
				CLANG_ANALYZER_NUMBER_OBJECT_CONVERSION = YES_AGGRESSIVE;
				CLANG_CXX_LANGUAGE_STANDARD = "gnu++20";
				CLANG_ENABLE_MODULES = YES;
				CLANG_ENABLE_OBJC_ARC = YES;
				CLANG_ENABLE_OBJC_WEAK = YES;
				CLANG_STATIC_ANALYZER_MODE_ON_ANALYZE_ACTION = deep;
				CLANG_WARN_BLOCK_CAPTURE_AUTORELEASING = YES;
				CLANG_WARN_BOOL_CONVERSION = YES;
				CLANG_WARN_COMMA = YES;
				CLANG_WARN_CONSTANT_CONVERSION = YES;
				CLANG_WARN_DEPRECATED_OBJC_IMPLEMENTATIONS = YES;
				CLANG_WARN_DIRECT_OBJC_ISA_USAGE = YES_ERROR;
				CLANG_WARN_DOCUMENTATION_COMMENTS = YES;
				CLANG_WARN_EMPTY_BODY = YES;
				CLANG_WARN_ENUM_CONVERSION = YES;
				CLANG_WARN_INFINITE_RECURSION = YES;
				CLANG_WARN_INT_CONVERSION = YES;
				CLANG_WARN_NON_LITERAL_NULL_CONVERSION = YES;
				CLANG_WARN_OBJC_IMPLICIT_RETAIN_SELF = YES;
				CLANG_WARN_OBJC_LITERAL_CONVERSION = YES;
				CLANG_WARN_OBJC_ROOT_CLASS = YES_ERROR;
				CLANG_WARN_QUOTED_INCLUDE_IN_FRAMEWORK_HEADER = YES;
				CLANG_WARN_RANGE_LOOP_ANALYSIS = YES;
				CLANG_WARN_STRICT_PROTOTYPES = YES;
				CLANG_WARN_SUSPICIOUS_MOVE = YES;
				CLANG_WARN_UNGUARDED_AVAILABILITY = YES_AGGRESSIVE;
				CLANG_WARN_UNREACHABLE_CODE = YES;
				CLANG_WARN__DUPLICATE_METHOD_MATCH = YES;
				COPY_PHASE_STRIP = NO;
				DEBUG_INFORMATION_FORMAT = "dwarf-with-dsym";
				ENABLE_NS_ASSERTIONS = NO;
				ENABLE_STRICT_OBJC_MSGSEND = YES;
				ENABLE_USER_SCRIPT_SANDBOXING = YES;
				GCC_C_LANGUAGE_STANDARD = gnu17;
				GCC_NO_COMMON_BLOCKS = YES;
				GCC_WARN_64_TO_32_BIT_CONVERSION = YES;
				GCC_WARN_ABOUT_RETURN_TYPE = YES_ERROR;
				GCC_WARN_UNDECLARED_SELECTOR = YES;
				GCC_WARN_UNINITIALIZED_AUTOS = YES_AGGRESSIVE;
				GCC_WARN_UNUSED_FUNCTION = YES;
				GCC_WARN_UNUSED_VARIABLE = YES;
				INFOPLIST_KEY_LSApplicationCategoryType = "public.app-category.food-and-drink";
				LOCALIZATION_PREFERS_STRING_CATALOGS = YES;
				MTL_ENABLE_DEBUG_INFO = NO;
				MTL_FAST_MATH = YES;
				SWIFT_COMPILATION_MODE = wholemodule;
			};
			name = Release;
		};
		A1C4E7C2302A63B900E2C0DB /* Debug */ = {
			isa = XCBuildConfiguration;
			buildSettings = {
				ASSETCATALOG_COMPILER_APPICON_NAME = AppIcon;
				ASSETCATALOG_COMPILER_GLOBAL_ACCENT_COLOR_NAME = AccentColor;
				ASSETCATALOG_COMPILER_INCLUDE_ALL_APPICON_ASSETS = YES;
				CODE_SIGN_ENTITLEMENTS = KitchenMemory/KitchenMemory.entitlements;
				"CODE_SIGN_IDENTITY[sdk=macosx*]" = "Apple Development";
				CODE_SIGN_STYLE = Automatic;
				CURRENT_PROJECT_VERSION = 1;
				DEVELOPMENT_TEAM = FT9KDL728H;
				ENABLE_APP_SANDBOX = YES;
				"ENABLE_HARDENED_RUNTIME[sdk=macosx*]" = YES;
				ENABLE_OUTGOING_NETWORK_CONNECTIONS = YES;
				ENABLE_PREVIEWS = YES;
				GENERATE_INFOPLIST_FILE = YES;
				INFOPLIST_FILE = KitchenMemory/Info.plist;
				INFOPLIST_KEY_CFBundleDisplayName = "Kitchen Memory";
				INFOPLIST_KEY_LSApplicationCategoryType = "public.app-category.food-and-drink";
				INFOPLIST_KEY_NSHumanReadableCopyright = "Copyright © 2026 Kitchen Memory Project contributors.";
				"INFOPLIST_KEY_UIApplicationSceneManifest_Generation[sdk=iphoneos*]" = YES;
				"INFOPLIST_KEY_UIApplicationSceneManifest_Generation[sdk=iphonesimulator*]" = YES;
				"INFOPLIST_KEY_UIApplicationSupportsIndirectInputEvents[sdk=iphoneos*]" = YES;
				"INFOPLIST_KEY_UIApplicationSupportsIndirectInputEvents[sdk=iphonesimulator*]" = YES;
				"INFOPLIST_KEY_UILaunchScreen_Generation[sdk=iphoneos*]" = YES;
				"INFOPLIST_KEY_UILaunchScreen_Generation[sdk=iphonesimulator*]" = YES;
				"INFOPLIST_KEY_UIStatusBarStyle[sdk=iphoneos*]" = UIStatusBarStyleDefault;
				"INFOPLIST_KEY_UIStatusBarStyle[sdk=iphonesimulator*]" = UIStatusBarStyleDefault;
				INFOPLIST_KEY_UISupportedInterfaceOrientations_iPad = "UIInterfaceOrientationPortrait UIInterfaceOrientationPortraitUpsideDown UIInterfaceOrientationLandscapeLeft UIInterfaceOrientationLandscapeRight";
				INFOPLIST_KEY_UISupportedInterfaceOrientations_iPhone = "UIInterfaceOrientationPortrait UIInterfaceOrientationLandscapeLeft UIInterfaceOrientationLandscapeRight";
				IPHONEOS_DEPLOYMENT_TARGET = 26.5;
				LD_RUNPATH_SEARCH_PATHS = "@executable_path/Frameworks";
				"LD_RUNPATH_SEARCH_PATHS[sdk=macosx*]" = "@executable_path/../Frameworks";
				MACOSX_DEPLOYMENT_TARGET = 26.5;
				MARKETING_VERSION = 0.1.0;
				PRODUCT_BUNDLE_IDENTIFIER = net.ctwelve.KitchenMemory;
				PRODUCT_NAME = "$(TARGET_NAME)";
				REGISTER_APP_GROUPS = YES;
				RUN_DOCUMENTATION_COMPILER = YES;
				SDKROOT = auto;
				STRING_CATALOG_GENERATE_SYMBOLS = YES;
				SUPPORTED_PLATFORMS = "iphoneos iphonesimulator macosx";
				SUPPORTS_MACCATALYST = NO;
				SWIFT_APPROACHABLE_CONCURRENCY = YES;
				SWIFT_DEFAULT_ACTOR_ISOLATION = MainActor;
				SWIFT_EMIT_LOC_STRINGS = YES;
				SWIFT_ENABLE_EXPLICIT_MODULES = YES;
				SWIFT_UPCOMING_FEATURE_MEMBER_IMPORT_VISIBILITY = YES;
				SWIFT_VERSION = 6.0;
				TARGETED_DEVICE_FAMILY = "1,2";
				XROS_DEPLOYMENT_TARGET = 26.5;
			};
			name = Debug;
		};
		A1C4E7C3302A63B900E2C0DB /* Release */ = {
			isa = XCBuildConfiguration;
			buildSettings = {
				ASSETCATALOG_COMPILER_APPICON_NAME = AppIcon;
				ASSETCATALOG_COMPILER_GLOBAL_ACCENT_COLOR_NAME = AccentColor;
				ASSETCATALOG_COMPILER_INCLUDE_ALL_APPICON_ASSETS = YES;
				AUTOMATION_APPLE_EVENTS = NO;
				CODE_SIGN_ENTITLEMENTS = KitchenMemory/KitchenMemory.entitlements;
				"CODE_SIGN_IDENTITY[sdk=macosx*]" = "Apple Development";
				CODE_SIGN_STYLE = Automatic;
				CURRENT_PROJECT_VERSION = 1;
				DEVELOPMENT_TEAM = FT9KDL728H;
				ENABLE_APP_SANDBOX = YES;
				ENABLE_HARDENED_RUNTIME = NO;
				"ENABLE_HARDENED_RUNTIME[sdk=macosx*]" = YES;
				ENABLE_OUTGOING_NETWORK_CONNECTIONS = YES;
				ENABLE_PREVIEWS = YES;
				ENABLE_RESOURCE_ACCESS_AUDIO_INPUT = NO;
				ENABLE_RESOURCE_ACCESS_CALENDARS = NO;
				ENABLE_RESOURCE_ACCESS_CAMERA = NO;
				ENABLE_RESOURCE_ACCESS_CONTACTS = NO;
				ENABLE_RESOURCE_ACCESS_LOCATION = NO;
				ENABLE_RESOURCE_ACCESS_PHOTO_LIBRARY = NO;
				GENERATE_INFOPLIST_FILE = YES;
				INFOPLIST_FILE = KitchenMemory/Info.plist;
				INFOPLIST_KEY_CFBundleDisplayName = "Kitchen Memory";
				INFOPLIST_KEY_LSApplicationCategoryType = "public.app-category.food-and-drink";
				INFOPLIST_KEY_NSHumanReadableCopyright = "Copyright © 2026 Kitchen Memory Project contributors.";
				"INFOPLIST_KEY_UIApplicationSceneManifest_Generation[sdk=iphoneos*]" = YES;
				"INFOPLIST_KEY_UIApplicationSceneManifest_Generation[sdk=iphonesimulator*]" = YES;
				"INFOPLIST_KEY_UIApplicationSupportsIndirectInputEvents[sdk=iphoneos*]" = YES;
				"INFOPLIST_KEY_UIApplicationSupportsIndirectInputEvents[sdk=iphonesimulator*]" = YES;
				"INFOPLIST_KEY_UILaunchScreen_Generation[sdk=iphoneos*]" = YES;
				"INFOPLIST_KEY_UILaunchScreen_Generation[sdk=iphonesimulator*]" = YES;
				"INFOPLIST_KEY_UIStatusBarStyle[sdk=iphoneos*]" = UIStatusBarStyleDefault;
				"INFOPLIST_KEY_UIStatusBarStyle[sdk=iphonesimulator*]" = UIStatusBarStyleDefault;
				INFOPLIST_KEY_UISupportedInterfaceOrientations_iPad = "UIInterfaceOrientationPortrait UIInterfaceOrientationPortraitUpsideDown UIInterfaceOrientationLandscapeLeft UIInterfaceOrientationLandscapeRight";
				INFOPLIST_KEY_UISupportedInterfaceOrientations_iPhone = "UIInterfaceOrientationPortrait UIInterfaceOrientationLandscapeLeft UIInterfaceOrientationLandscapeRight";
				IPHONEOS_DEPLOYMENT_TARGET = 26.5;
				LD_RUNPATH_SEARCH_PATHS = "@executable_path/Frameworks";
				"LD_RUNPATH_SEARCH_PATHS[sdk=macosx*]" = "@executable_path/../Frameworks";
				MACOSX_DEPLOYMENT_TARGET = 26.5;
				MARKETING_VERSION = 0.1.0;
				PRODUCT_BUNDLE_IDENTIFIER = net.ctwelve.KitchenMemory;
				PRODUCT_NAME = "$(TARGET_NAME)";
				REGISTER_APP_GROUPS = YES;
				RUNTIME_EXCEPTION_ALLOW_DYLD_ENVIRONMENT_VARIABLES = NO;
				RUNTIME_EXCEPTION_ALLOW_JIT = NO;
				RUNTIME_EXCEPTION_ALLOW_UNSIGNED_EXECUTABLE_MEMORY = NO;
				RUNTIME_EXCEPTION_DEBUGGING_TOOL = NO;
				RUNTIME_EXCEPTION_DISABLE_EXECUTABLE_PAGE_PROTECTION = NO;
				RUNTIME_EXCEPTION_DISABLE_LIBRARY_VALIDATION = NO;
				RUN_DOCUMENTATION_COMPILER = YES;
				SDKROOT = auto;
				STRING_CATALOG_GENERATE_SYMBOLS = YES;
				SUPPORTED_PLATFORMS = "iphoneos iphonesimulator macosx";
				SUPPORTS_MACCATALYST = NO;
				SWIFT_APPROACHABLE_CONCURRENCY = YES;
				SWIFT_DEFAULT_ACTOR_ISOLATION = MainActor;
				SWIFT_EMIT_LOC_STRINGS = YES;
				SWIFT_ENABLE_EXPLICIT_MODULES = YES;
				SWIFT_UPCOMING_FEATURE_MEMBER_IMPORT_VISIBILITY = YES;
				SWIFT_VERSION = 6.0;
				TARGETED_DEVICE_FAMILY = "1,2";
				XROS_DEPLOYMENT_TARGET = 26.5;
			};
			name = Release;
		};
		A1C4E7C5302A63B900E2C0DB /* Debug */ = {
			isa = XCBuildConfiguration;
			buildSettings = {
				BUNDLE_LOADER = "$(TEST_HOST)";
				"CODE_SIGN_IDENTITY[sdk=macosx*]" = "Apple Development";
				CODE_SIGN_STYLE = Automatic;
				CURRENT_PROJECT_VERSION = 1;
				DEVELOPMENT_TEAM = FT9KDL728H;
				GENERATE_INFOPLIST_FILE = YES;
				IPHONEOS_DEPLOYMENT_TARGET = 26.5;
				MACOSX_DEPLOYMENT_TARGET = 26.5;
				MARKETING_VERSION = 1.0;
				PRODUCT_BUNDLE_IDENTIFIER = net.ctwelve.KitchenMemoryTests;
				PRODUCT_NAME = "$(TARGET_NAME)";
				RUN_DOCUMENTATION_COMPILER = YES;
				SDKROOT = auto;
				STRING_CATALOG_GENERATE_SYMBOLS = NO;
				SUPPORTED_PLATFORMS = "iphoneos iphonesimulator macosx xros xrsimulator";
				SWIFT_APPROACHABLE_CONCURRENCY = YES;
				SWIFT_EMIT_LOC_STRINGS = NO;
				SWIFT_ENABLE_EXPLICIT_MODULES = YES;
				SWIFT_UPCOMING_FEATURE_MEMBER_IMPORT_VISIBILITY = YES;
				SWIFT_VERSION = 6.0;
				TARGETED_DEVICE_FAMILY = "1,2,7";
				TEST_HOST = "$(BUILT_PRODUCTS_DIR)/KitchenMemory.app/$(BUNDLE_EXECUTABLE_FOLDER_PATH)/KitchenMemory";
				XROS_DEPLOYMENT_TARGET = 26.5;
			};
			name = Debug;
		};
		A1C4E7C6302A63B900E2C0DB /* Release */ = {
			isa = XCBuildConfiguration;
			buildSettings = {
				BUNDLE_LOADER = "$(TEST_HOST)";
				"CODE_SIGN_IDENTITY[sdk=macosx*]" = "Apple Development";
				CODE_SIGN_STYLE = Automatic;
				CURRENT_PROJECT_VERSION = 1;
				DEVELOPMENT_TEAM = FT9KDL728H;
				GENERATE_INFOPLIST_FILE = YES;
				IPHONEOS_DEPLOYMENT_TARGET = 26.5;
				MACOSX_DEPLOYMENT_TARGET = 26.5;
				MARKETING_VERSION = 1.0;
				PRODUCT_BUNDLE_IDENTIFIER = net.ctwelve.KitchenMemoryTests;
				PRODUCT_NAME = "$(TARGET_NAME)";
				RUN_DOCUMENTATION_COMPILER = YES;
				SDKROOT = auto;
				STRING_CATALOG_GENERATE_SYMBOLS = NO;
				SUPPORTED_PLATFORMS = "iphoneos iphonesimulator macosx xros xrsimulator";
				SWIFT_APPROACHABLE_CONCURRENCY = YES;
				SWIFT_EMIT_LOC_STRINGS = NO;
				SWIFT_ENABLE_EXPLICIT_MODULES = YES;
				SWIFT_UPCOMING_FEATURE_MEMBER_IMPORT_VISIBILITY = YES;
				SWIFT_VERSION = 6.0;
				TARGETED_DEVICE_FAMILY = "1,2,7";
				TEST_HOST = "$(BUILT_PRODUCTS_DIR)/KitchenMemory.app/$(BUNDLE_EXECUTABLE_FOLDER_PATH)/KitchenMemory";
				XROS_DEPLOYMENT_TARGET = 26.5;
			};
			name = Release;
		};
		A1C4E7C8302A63B900E2C0DB /* Debug */ = {
			isa = XCBuildConfiguration;
			buildSettings = {
				"CODE_SIGN_IDENTITY[sdk=macosx*]" = "Apple Development";
				CODE_SIGN_STYLE = Automatic;
				CURRENT_PROJECT_VERSION = 1;
				DEVELOPMENT_TEAM = FT9KDL728H;
				GENERATE_INFOPLIST_FILE = YES;
				IPHONEOS_DEPLOYMENT_TARGET = 26.5;
				MACOSX_DEPLOYMENT_TARGET = 26.5;
				MARKETING_VERSION = 1.0;
				PRODUCT_BUNDLE_IDENTIFIER = net.ctwelve.KitchenMemoryUITests;
				PRODUCT_NAME = "$(TARGET_NAME)";
				RUN_DOCUMENTATION_COMPILER = YES;
				SDKROOT = auto;
				STRING_CATALOG_GENERATE_SYMBOLS = NO;
				SUPPORTED_PLATFORMS = "iphoneos iphonesimulator macosx xros xrsimulator";
				SWIFT_APPROACHABLE_CONCURRENCY = YES;
				SWIFT_EMIT_LOC_STRINGS = NO;
				SWIFT_ENABLE_EXPLICIT_MODULES = YES;
				SWIFT_UPCOMING_FEATURE_MEMBER_IMPORT_VISIBILITY = YES;
				SWIFT_VERSION = 6.0;
				TARGETED_DEVICE_FAMILY = "1,2,7";
				TEST_TARGET_NAME = KitchenMemory;
				XROS_DEPLOYMENT_TARGET = 26.5;
			};
			name = Debug;
		};
		A1C4E7C9302A63B900E2C0DB /* Release */ = {
			isa = XCBuildConfiguration;
			buildSettings = {
				"CODE_SIGN_IDENTITY[sdk=macosx*]" = "Apple Development";
				CODE_SIGN_STYLE = Automatic;
				CURRENT_PROJECT_VERSION = 1;
				DEVELOPMENT_TEAM = FT9KDL728H;
				GENERATE_INFOPLIST_FILE = YES;
				IPHONEOS_DEPLOYMENT_TARGET = 26.5;
				MACOSX_DEPLOYMENT_TARGET = 26.5;
				MARKETING_VERSION = 1.0;
				PRODUCT_BUNDLE_IDENTIFIER = net.ctwelve.KitchenMemoryUITests;
				PRODUCT_NAME = "$(TARGET_NAME)";
				RUN_DOCUMENTATION_COMPILER = YES;
				SDKROOT = auto;
				STRING_CATALOG_GENERATE_SYMBOLS = NO;
				SUPPORTED_PLATFORMS = "iphoneos iphonesimulator macosx xros xrsimulator";
				SWIFT_APPROACHABLE_CONCURRENCY = YES;
				SWIFT_EMIT_LOC_STRINGS = NO;
				SWIFT_ENABLE_EXPLICIT_MODULES = YES;
				SWIFT_UPCOMING_FEATURE_MEMBER_IMPORT_VISIBILITY = YES;
				SWIFT_VERSION = 6.0;
				TARGETED_DEVICE_FAMILY = "1,2,7";
				TEST_TARGET_NAME = KitchenMemory;
				XROS_DEPLOYMENT_TARGET = 26.5;
			};
			name = Release;
		};
		B20000000000000000000301 /* Debug */ = {
			isa = XCBuildConfiguration;
			buildSettings = {
				CODE_SIGN_STYLE = Automatic;
				CURRENT_PROJECT_VERSION = 1;
				DEFINES_MODULE = YES;
				DEVELOPMENT_TEAM = FT9KDL728H;
				DYLIB_COMPATIBILITY_VERSION = 1;
				DYLIB_CURRENT_VERSION = 1;
				DYLIB_INSTALL_NAME_BASE = "@rpath";
				GENERATE_INFOPLIST_FILE = YES;
				IPHONEOS_DEPLOYMENT_TARGET = 26.5;
				MACOSX_DEPLOYMENT_TARGET = 26.5;
				MARKETING_VERSION = 1.0;
				PRODUCT_BUNDLE_IDENTIFIER = net.ctwelve.KitchenMemory.Domain;
				PRODUCT_NAME = "$(TARGET_NAME)";
				SDKROOT = auto;
				SKIP_INSTALL = YES;
				SUPPORTED_PLATFORMS = "iphoneos iphonesimulator macosx xros xrsimulator";
				SWIFT_ENABLE_EXPLICIT_MODULES = YES;
				SWIFT_VERSION = 6.0;
				TARGETED_DEVICE_FAMILY = "1,2,7";
				XROS_DEPLOYMENT_TARGET = 26.5;
			};
			name = Debug;
		};
		B20000000000000000000302 /* Release */ = {
			isa = XCBuildConfiguration;
			buildSettings = {
				CODE_SIGN_STYLE = Automatic;
				CURRENT_PROJECT_VERSION = 1;
				DEFINES_MODULE = YES;
				DEVELOPMENT_TEAM = FT9KDL728H;
				DYLIB_COMPATIBILITY_VERSION = 1;
				DYLIB_CURRENT_VERSION = 1;
				DYLIB_INSTALL_NAME_BASE = "@rpath";
				GENERATE_INFOPLIST_FILE = YES;
				IPHONEOS_DEPLOYMENT_TARGET = 26.5;
				MACOSX_DEPLOYMENT_TARGET = 26.5;
				MARKETING_VERSION = 1.0;
				PRODUCT_BUNDLE_IDENTIFIER = net.ctwelve.KitchenMemory.Domain;
				PRODUCT_NAME = "$(TARGET_NAME)";
				SDKROOT = auto;
				SKIP_INSTALL = YES;
				SUPPORTED_PLATFORMS = "iphoneos iphonesimulator macosx xros xrsimulator";
				SWIFT_ENABLE_EXPLICIT_MODULES = YES;
				SWIFT_VERSION = 6.0;
				TARGETED_DEVICE_FAMILY = "1,2,7";
				XROS_DEPLOYMENT_TARGET = 26.5;
			};
			name = Release;
		};
		B20000000000000000000303 /* Debug */ = {
			isa = XCBuildConfiguration;
			buildSettings = {
				CODE_SIGN_STYLE = Automatic;
				CURRENT_PROJECT_VERSION = 1;
				DEFINES_MODULE = YES;
				DEVELOPMENT_TEAM = FT9KDL728H;
				DYLIB_COMPATIBILITY_VERSION = 1;
				DYLIB_CURRENT_VERSION = 1;
				DYLIB_INSTALL_NAME_BASE = "@rpath";
				GENERATE_INFOPLIST_FILE = YES;
				IPHONEOS_DEPLOYMENT_TARGET = 26.5;
				MACOSX_DEPLOYMENT_TARGET = 26.5;
				MARKETING_VERSION = 1.0;
				PRODUCT_BUNDLE_IDENTIFIER = net.ctwelve.KitchenMemory.Import;
				PRODUCT_NAME = "$(TARGET_NAME)";
				SDKROOT = auto;
				SKIP_INSTALL = YES;
				SUPPORTED_PLATFORMS = "iphoneos iphonesimulator macosx xros xrsimulator";
				SWIFT_ENABLE_EXPLICIT_MODULES = YES;
				SWIFT_VERSION = 6.0;
				TARGETED_DEVICE_FAMILY = "1,2,7";
				XROS_DEPLOYMENT_TARGET = 26.5;
			};
			name = Debug;
		};
		B20000000000000000000304 /* Release */ = {
			isa = XCBuildConfiguration;
			buildSettings = {
				CODE_SIGN_STYLE = Automatic;
				CURRENT_PROJECT_VERSION = 1;
				DEFINES_MODULE = YES;
				DEVELOPMENT_TEAM = FT9KDL728H;
				DYLIB_COMPATIBILITY_VERSION = 1;
				DYLIB_CURRENT_VERSION = 1;
				DYLIB_INSTALL_NAME_BASE = "@rpath";
				GENERATE_INFOPLIST_FILE = YES;
				IPHONEOS_DEPLOYMENT_TARGET = 26.5;
				MACOSX_DEPLOYMENT_TARGET = 26.5;
				MARKETING_VERSION = 1.0;
				PRODUCT_BUNDLE_IDENTIFIER = net.ctwelve.KitchenMemory.Import;
				PRODUCT_NAME = "$(TARGET_NAME)";
				SDKROOT = auto;
				SKIP_INSTALL = YES;
				SUPPORTED_PLATFORMS = "iphoneos iphonesimulator macosx xros xrsimulator";
				SWIFT_ENABLE_EXPLICIT_MODULES = YES;
				SWIFT_VERSION = 6.0;
				TARGETED_DEVICE_FAMILY = "1,2,7";
				XROS_DEPLOYMENT_TARGET = 26.5;
			};
			name = Release;
		};
		B20000000000000000000305 /* Debug */ = {
			isa = XCBuildConfiguration;
			buildSettings = {
				CODE_SIGN_STYLE = Automatic;
				CURRENT_PROJECT_VERSION = 1;
				DEFINES_MODULE = YES;
				DEVELOPMENT_TEAM = FT9KDL728H;
				DYLIB_COMPATIBILITY_VERSION = 1;
				DYLIB_CURRENT_VERSION = 1;
				DYLIB_INSTALL_NAME_BASE = "@rpath";
				GENERATE_INFOPLIST_FILE = YES;
				IPHONEOS_DEPLOYMENT_TARGET = 26.5;
				MACOSX_DEPLOYMENT_TARGET = 26.5;
				MARKETING_VERSION = 1.0;
				PRODUCT_BUNDLE_IDENTIFIER = net.ctwelve.KitchenMemory.Persistence;
				PRODUCT_NAME = "$(TARGET_NAME)";
				SDKROOT = auto;
				SKIP_INSTALL = YES;
				SUPPORTED_PLATFORMS = "iphoneos iphonesimulator macosx xros xrsimulator";
				SWIFT_ENABLE_EXPLICIT_MODULES = YES;
				SWIFT_VERSION = 6.0;
				TARGETED_DEVICE_FAMILY = "1,2,7";
				XROS_DEPLOYMENT_TARGET = 26.5;
			};
			name = Debug;
		};
		B20000000000000000000306 /* Release */ = {
			isa = XCBuildConfiguration;
			buildSettings = {
				CODE_SIGN_STYLE = Automatic;
				CURRENT_PROJECT_VERSION = 1;
				DEFINES_MODULE = YES;
				DEVELOPMENT_TEAM = FT9KDL728H;
				DYLIB_COMPATIBILITY_VERSION = 1;
				DYLIB_CURRENT_VERSION = 1;
				DYLIB_INSTALL_NAME_BASE = "@rpath";
				GENERATE_INFOPLIST_FILE = YES;
				IPHONEOS_DEPLOYMENT_TARGET = 26.5;
				MACOSX_DEPLOYMENT_TARGET = 26.5;
				MARKETING_VERSION = 1.0;
				PRODUCT_BUNDLE_IDENTIFIER = net.ctwelve.KitchenMemory.Persistence;
				PRODUCT_NAME = "$(TARGET_NAME)";
				SDKROOT = auto;
				SKIP_INSTALL = YES;
				SUPPORTED_PLATFORMS = "iphoneos iphonesimulator macosx xros xrsimulator";
				SWIFT_ENABLE_EXPLICIT_MODULES = YES;
				SWIFT_VERSION = 6.0;
				TARGETED_DEVICE_FAMILY = "1,2,7";
				XROS_DEPLOYMENT_TARGET = 26.5;
			};
			name = Release;
		};
		B30000000000000000000301 /* Debug */ = {
			isa = XCBuildConfiguration;
			buildSettings = {
				CODE_SIGN_STYLE = Automatic;
				CURRENT_PROJECT_VERSION = 1;
				DEFINES_MODULE = YES;
				DEVELOPMENT_TEAM = FT9KDL728H;
				DYLIB_COMPATIBILITY_VERSION = 1;
				DYLIB_CURRENT_VERSION = 1;
				DYLIB_INSTALL_NAME_BASE = "@rpath";
				GENERATE_INFOPLIST_FILE = YES;
				IPHONEOS_DEPLOYMENT_TARGET = 26.5;
				MACOSX_DEPLOYMENT_TARGET = 26.5;
				MARKETING_VERSION = 1.0;
				PRODUCT_BUNDLE_IDENTIFIER = net.ctwelve.KitchenMemory.Logic;
				PRODUCT_NAME = "$(TARGET_NAME)";
				SDKROOT = auto;
				SKIP_INSTALL = YES;
				SUPPORTED_PLATFORMS = "iphoneos iphonesimulator macosx";
				SWIFT_ENABLE_EXPLICIT_MODULES = YES;
				SWIFT_VERSION = 6.0;
				TARGETED_DEVICE_FAMILY = "1,2";
			};
			name = Debug;
		};
		B30000000000000000000302 /* Release */ = {
			isa = XCBuildConfiguration;
			buildSettings = {
				CODE_SIGN_STYLE = Automatic;
				CURRENT_PROJECT_VERSION = 1;
				DEFINES_MODULE = YES;
				DEVELOPMENT_TEAM = FT9KDL728H;
				DYLIB_COMPATIBILITY_VERSION = 1;
				DYLIB_CURRENT_VERSION = 1;
				DYLIB_INSTALL_NAME_BASE = "@rpath";
				GENERATE_INFOPLIST_FILE = YES;
				IPHONEOS_DEPLOYMENT_TARGET = 26.5;
				MACOSX_DEPLOYMENT_TARGET = 26.5;
				MARKETING_VERSION = 1.0;
				PRODUCT_BUNDLE_IDENTIFIER = net.ctwelve.KitchenMemory.Logic;
				PRODUCT_NAME = "$(TARGET_NAME)";
				SDKROOT = auto;
				SKIP_INSTALL = YES;
				SUPPORTED_PLATFORMS = "iphoneos iphonesimulator macosx";
				SWIFT_ENABLE_EXPLICIT_MODULES = YES;
				SWIFT_VERSION = 6.0;
				TARGETED_DEVICE_FAMILY = "1,2";
			};
			name = Release;
		};
/* End XCBuildConfiguration section */

/* Begin XCConfigurationList section */
		A1C4E799302A63B800E2C0DB /* Build configuration list for PBXProject "KitchenMemory" */ = {
			isa = XCConfigurationList;
			buildConfigurations = (
				A1C4E7BF302A63B900E2C0DB /* Debug */,
				A1C4E7C0302A63B900E2C0DB /* Release */,
			);
			defaultConfigurationIsVisible = 0;
			defaultConfigurationName = Release;
		};
		A1C4E7C1302A63B900E2C0DB /* Build configuration list for PBXNativeTarget "KitchenMemory" */ = {
			isa = XCConfigurationList;
			buildConfigurations = (
				A1C4E7C2302A63B900E2C0DB /* Debug */,
				A1C4E7C3302A63B900E2C0DB /* Release */,
			);
			defaultConfigurationIsVisible = 0;
			defaultConfigurationName = Release;
		};
		A1C4E7C4302A63B900E2C0DB /* Build configuration list for PBXNativeTarget "KitchenMemoryTests" */ = {
			isa = XCConfigurationList;
			buildConfigurations = (
				A1C4E7C5302A63B900E2C0DB /* Debug */,
				A1C4E7C6302A63B900E2C0DB /* Release */,
			);
			defaultConfigurationIsVisible = 0;
			defaultConfigurationName = Release;
		};
		A1C4E7C7302A63B900E2C0DB /* Build configuration list for PBXNativeTarget "KitchenMemoryUITests" */ = {
			isa = XCConfigurationList;
			buildConfigurations = (
				A1C4E7C8302A63B900E2C0DB /* Debug */,
				A1C4E7C9302A63B900E2C0DB /* Release */,
			);
			defaultConfigurationIsVisible = 0;
			defaultConfigurationName = Release;
		};
		B20000000000000000000321 /* Build configuration list for PBXNativeTarget "KitchenMemoryDomain" */ = {
			isa = XCConfigurationList;
			buildConfigurations = (
				B20000000000000000000301 /* Debug */,
				B20000000000000000000302 /* Release */,
			);
			defaultConfigurationIsVisible = 0;
			defaultConfigurationName = Release;
		};
		B20000000000000000000322 /* Build configuration list for PBXNativeTarget "KitchenMemoryImport" */ = {
			isa = XCConfigurationList;
			buildConfigurations = (
				B20000000000000000000303 /* Debug */,
				B20000000000000000000304 /* Release */,
			);
			defaultConfigurationIsVisible = 0;
			defaultConfigurationName = Release;
		};
		B20000000000000000000323 /* Build configuration list for PBXNativeTarget "KitchenMemoryPersistence" */ = {
			isa = XCConfigurationList;
			buildConfigurations = (
				B20000000000000000000305 /* Debug */,
				B20000000000000000000306 /* Release */,
			);
			defaultConfigurationIsVisible = 0;
			defaultConfigurationName = Release;
		};
		B30000000000000000000321 /* Build configuration list for PBXNativeTarget "KitchenMemoryLogic" */ = {
			isa = XCConfigurationList;
			buildConfigurations = (
				B30000000000000000000301 /* Debug */,
				B30000000000000000000302 /* Release */,
			);
			defaultConfigurationIsVisible = 0;
			defaultConfigurationName = Release;
		};
/* End XCConfigurationList section */

/* Begin XCRemoteSwiftPackageReference section */
		A12691A8302E7ECF004E6195 /* XCRemoteSwiftPackageReference "SwiftLintPlugins" */ = {
			isa = XCRemoteSwiftPackageReference;
			repositoryURL = "https://github.com/SimplyDanny/SwiftLintPlugins";
			requirement = {
				kind = upToNextMajorVersion;
				minimumVersion = 0.65.0;
			};
		};
/* End XCRemoteSwiftPackageReference section */

/* Begin XCSwiftPackageProductDependency section */
		A12691A9302E7F04004E6195 /* SwiftLintBuildToolPlugin */ = {
			isa = XCSwiftPackageProductDependency;
			package = A12691A8302E7ECF004E6195 /* XCRemoteSwiftPackageReference "SwiftLintPlugins" */;
			productName = "plugin:SwiftLintBuildToolPlugin";
		};
/* End XCSwiftPackageProductDependency section */
	};
	rootObject = A1C4E796302A63B800E2C0DB /* Project object */;
}
